// !$*UTF8*$!
{
	archiveVersion = 1;
	classes = {
	};
	objectVersion = 46;
	objects = {

/* Begin PBXBuildFile section */
		F044171C18B6E38200572780 /* 0L9A0242_converted.m4v in Resources */ = {isa = PBXBuildFile; fileRef = F04416EE18B6E38200572780 /* 0L9A0242_converted.m4v */; };
		F044171D18B6E38200572780 /* 0L9A0244_converted.m4v in Resources */ = {isa = PBXBuildFile; fileRef = F04416EF18B6E38200572780 /* 0L9A0244_converted.m4v */; };
		F044171E18B6E38200572780 /* 0L9A0245_converted.m4v in Resources */ = {isa = PBXBuildFile; fileRef = F04416F018B6E38200572780 /* 0L9A0245_converted.m4v */; };
		F044171F18B6E38200572780 /* 0L9A0246_converted.m4v in Resources */ = {isa = PBXBuildFile; fileRef = F04416F118B6E38200572780 /* 0L9A0246_converted.m4v */; };
		F044172018B6E38200572780 /* 0L9A0247_converted.m4v in Resources */ = {isa = PBXBuildFile; fileRef = F04416F218B6E38200572780 /* 0L9A0247_converted.m4v */; };
		F044172118B6E38200572780 /* 0L9A0248_converted.m4v in Resources */ = {isa = PBXBuildFile; fileRef = F04416F318B6E38200572780 /* 0L9A0248_converted.m4v */; };
		F044172218B6E38200572780 /* 0L9A0249_converted.m4v in Resources */ = {isa = PBXBuildFile; fileRef = F04416F418B6E38200572780 /* 0L9A0249_converted.m4v */; };
		F044172318B6E38200572780 /* 0L9A0250_converted.m4v in Resources */ = {isa = PBXBuildFile; fileRef = F04416F518B6E38200572780 /* 0L9A0250_converted.m4v */; };
		F044172418B6E38200572780 /* 0L9A0251_converted.m4v in Resources */ = {isa = PBXBuildFile; fileRef = F04416F618B6E38200572780 /* 0L9A0251_converted.m4v */; };
		F044172518B6E38200572780 /* 0L9A0252_converted.m4v in Resources */ = {isa = PBXBuildFile; fileRef = F04416F718B6E38200572780 /* 0L9A0252_converted.m4v */; };
		F044172618B6E38200572780 /* 0L9A0253_converted.m4v in Resources */ = {isa = PBXBuildFile; fileRef = F04416F818B6E38200572780 /* 0L9A0253_converted.m4v */; };
		F044172718B6E38200572780 /* 0L9A0254_converted.m4v in Resources */ = {isa = PBXBuildFile; fileRef = F04416F918B6E38200572780 /* 0L9A0254_converted.m4v */; };
		F044172818B6E38200572780 /* 0L9A0255_converted.m4v in Resources */ = {isa = PBXBuildFile; fileRef = F04416FA18B6E38200572780 /* 0L9A0255_converted.m4v */; };
		F044172918B6E38200572780 /* 0L9A0256_converted.m4v in Resources */ = {isa = PBXBuildFile; fileRef = F04416FB18B6E38200572780 /* 0L9A0256_converted.m4v */; };
		F044172A18B6E38200572780 /* 0L9A0257_converted.m4v in Resources */ = {isa = PBXBuildFile; fileRef = F04416FC18B6E38200572780 /* 0L9A0257_converted.m4v */; };
		F044172B18B6E38200572780 /* 0L9A0258_converted.m4v in Resources */ = {isa = PBXBuildFile; fileRef = F04416FD18B6E38200572780 /* 0L9A0258_converted.m4v */; };
		F044172C18B6E38200572780 /* 0L9A0259_converted.m4v in Resources */ = {isa = PBXBuildFile; fileRef = F04416FE18B6E38200572780 /* 0L9A0259_converted.m4v */; };
		F044172D18B6E38200572780 /* 0L9A0260_converted.m4v in Resources */ = {isa = PBXBuildFile; fileRef = F04416FF18B6E38200572780 /* 0L9A0260_converted.m4v */; };
		F044172E18B6E38200572780 /* 0L9A0261_converted.m4v in Resources */ = {isa = PBXBuildFile; fileRef = F044170018B6E38200572780 /* 0L9A0261_converted.m4v */; };
		F044172F18B6E38200572780 /* 0L9A0262_converted.m4v in Resources */ = {isa = PBXBuildFile; fileRef = F044170118B6E38200572780 /* 0L9A0262_converted.m4v */; };
		F044173018B6E38200572780 /* 0L9A0263_converted.m4v in Resources */ = {isa = PBXBuildFile; fileRef = F044170218B6E38200572780 /* 0L9A0263_converted.m4v */; };
		F044173118B6E38200572780 /* 0L9A0264_converted.m4v in Resources */ = {isa = PBXBuildFile; fileRef = F044170318B6E38200572780 /* 0L9A0264_converted.m4v */; };
		F044173218B6E38200572780 /* 0L9A0265_converted.m4v in Resources */ = {isa = PBXBuildFile; fileRef = F044170418B6E38200572780 /* 0L9A0265_converted.m4v */; };
		F044173318B6E38200572780 /* 0L9A0266_converted.m4v in Resources */ = {isa = PBXBuildFile; fileRef = F044170518B6E38200572780 /* 0L9A0266_converted.m4v */; };
		F044173418B6E38200572780 /* 0L9A0267_converted.m4v in Resources */ = {isa = PBXBuildFile; fileRef = F044170618B6E38200572780 /* 0L9A0267_converted.m4v */; };
		F044173518B6E38200572780 /* 0L9A0268_converted.m4v in Resources */ = {isa = PBXBuildFile; fileRef = F044170718B6E38200572780 /* 0L9A0268_converted.m4v */; };
		F044173618B6E38200572780 /* 0L9A0269_converted.m4v in Resources */ = {isa = PBXBuildFile; fileRef = F044170818B6E38200572780 /* 0L9A0269_converted.m4v */; };
		F044173718B6E38200572780 /* 0L9A0270_converted.m4v in Resources */ = {isa = PBXBuildFile; fileRef = F044170918B6E38200572780 /* 0L9A0270_converted.m4v */; };
		F044173818B6E38200572780 /* 0L9A0271_converted.m4v in Resources */ = {isa = PBXBuildFile; fileRef = F044170A18B6E38200572780 /* 0L9A0271_converted.m4v */; };
		F044173918B6E38200572780 /* 0L9A0272_converted.m4v in Resources */ = {isa = PBXBuildFile; fileRef = F044170B18B6E38200572780 /* 0L9A0272_converted.m4v */; };
		F044173A18B6E38200572780 /* 0L9A0273_converted.m4v in Resources */ = {isa = PBXBuildFile; fileRef = F044170C18B6E38200572780 /* 0L9A0273_converted.m4v */; };
		F044173B18B6E38200572780 /* 0L9A0274_converted.m4v in Resources */ = {isa = PBXBuildFile; fileRef = F044170D18B6E38200572780 /* 0L9A0274_converted.m4v */; };
		F044173C18B6E38200572780 /* 0L9A0275_converted.m4v in Resources */ = {isa = PBXBuildFile; fileRef = F044170E18B6E38200572780 /* 0L9A0275_converted.m4v */; };
		F044173D18B6E38200572780 /* 0L9A0276_converted.m4v in Resources */ = {isa = PBXBuildFile; fileRef = F044170F18B6E38200572780 /* 0L9A0276_converted.m4v */; };
		F044173E18B6E38200572780 /* 0L9A0277_converted.m4v in Resources */ = {isa = PBXBuildFile; fileRef = F044171018B6E38200572780 /* 0L9A0277_converted.m4v */; };
		F044173F18B6E38200572780 /* 0L9A0278_converted.m4v in Resources */ = {isa = PBXBuildFile; fileRef = F044171118B6E38200572780 /* 0L9A0278_converted.m4v */; };
		F044174018B6E38200572780 /* 0L9A0279_converted.m4v in Resources */ = {isa = PBXBuildFile; fileRef = F044171218B6E38200572780 /* 0L9A0279_converted.m4v */; };
		F044174118B6E38200572780 /* 0L9A0280_converted.m4v in Resources */ = {isa = PBXBuildFile; fileRef = F044171318B6E38200572780 /* 0L9A0280_converted.m4v */; };
		F044174218B6E38200572780 /* 0L9A0281_converted.m4v in Resources */ = {isa = PBXBuildFile; fileRef = F044171418B6E38200572780 /* 0L9A0281_converted.m4v */; };
		F044174318B6E38200572780 /* 0L9A0282_converted.m4v in Resources */ = {isa = PBXBuildFile; fileRef = F044171518B6E38200572780 /* 0L9A0282_converted.m4v */; };
		F044174418B6E38200572780 /* 0L9A0283_converted.m4v in Resources */ = {isa = PBXBuildFile; fileRef = F044171618B6E38200572780 /* 0L9A0283_converted.m4v */; };
		F044174518B6E38200572780 /* 0L9A0284_converted.m4v in Resources */ = {isa = PBXBuildFile; fileRef = F044171718B6E38200572780 /* 0L9A0284_converted.m4v */; };
		F044174618B6E38200572780 /* 0L9A0285_converted.m4v in Resources */ = {isa = PBXBuildFile; fileRef = F044171818B6E38200572780 /* 0L9A0285_converted.m4v */; };
		F044174718B6E38200572780 /* 0L9A0286_converted.m4v in Resources */ = {isa = PBXBuildFile; fileRef = F044171918B6E38200572780 /* 0L9A0286_converted.m4v */; };
		F044174818B6E38200572780 /* 0L9A0287_converted.m4v in Resources */ = {isa = PBXBuildFile; fileRef = F044171A18B6E38200572780 /* 0L9A0287_converted.m4v */; };
		F044174918B6E38200572780 /* 0L9A0288_converted.m4v in Resources */ = {isa = PBXBuildFile; fileRef = F044171B18B6E38200572780 /* 0L9A0288_converted.m4v */; };
		F044177418B6E38800572780 /* 0L9A0289_converted.m4v in Resources */ = {isa = PBXBuildFile; fileRef = F044174B18B6E38800572780 /* 0L9A0289_converted.m4v */; };
		F044177518B6E38800572780 /* 0L9A0290_converted.m4v in Resources */ = {isa = PBXBuildFile; fileRef = F044174C18B6E38800572780 /* 0L9A0290_converted.m4v */; };
		F044177618B6E38800572780 /* 0L9A0291_converted.m4v in Resources */ = {isa = PBXBuildFile; fileRef = F044174D18B6E38800572780 /* 0L9A0291_converted.m4v */; };
		F044177718B6E38800572780 /* 0L9A0292_converted.m4v in Resources */ = {isa = PBXBuildFile; fileRef = F044174E18B6E38800572780 /* 0L9A0292_converted.m4v */; };
		F044177818B6E38800572780 /* 0L9A0293_converted.m4v in Resources */ = {isa = PBXBuildFile; fileRef = F044174F18B6E38800572780 /* 0L9A0293_converted.m4v */; };
		F044177918B6E38800572780 /* 0L9A0294_converted.m4v in Resources */ = {isa = PBXBuildFile; fileRef = F044175018B6E38800572780 /* 0L9A0294_converted.m4v */; };
		F044177A18B6E38800572780 /* 0L9A0295_converted.m4v in Resources */ = {isa = PBXBuildFile; fileRef = F044175118B6E38800572780 /* 0L9A0295_converted.m4v */; };
		F044177B18B6E38800572780 /* 0L9A0296_converted.m4v in Resources */ = {isa = PBXBuildFile; fileRef = F044175218B6E38800572780 /* 0L9A0296_converted.m4v */; };
		F044177C18B6E38800572780 /* 0L9A0297_converted.m4v in Resources */ = {isa = PBXBuildFile; fileRef = F044175318B6E38800572780 /* 0L9A0297_converted.m4v */; };
		F044177D18B6E38800572780 /* 0L9A0298_converted.m4v in Resources */ = {isa = PBXBuildFile; fileRef = F044175418B6E38800572780 /* 0L9A0298_converted.m4v */; };
		F044177E18B6E38800572780 /* 0L9A0299_converted.m4v in Resources */ = {isa = PBXBuildFile; fileRef = F044175518B6E38800572780 /* 0L9A0299_converted.m4v */; };
		F044177F18B6E38800572780 /* 0L9A0300_converted.m4v in Resources */ = {isa = PBXBuildFile; fileRef = F044175618B6E38800572780 /* 0L9A0300_converted.m4v */; };
		F044178018B6E38800572780 /* 0L9A0301_converted.m4v in Resources */ = {isa = PBXBuildFile; fileRef = F044175718B6E38800572780 /* 0L9A0301_converted.m4v */; };
		F044178118B6E38800572780 /* 0L9A0302_converted.m4v in Resources */ = {isa = PBXBuildFile; fileRef = F044175818B6E38800572780 /* 0L9A0302_converted.m4v */; };
		F044178218B6E38800572780 /* 0L9A0303_converted.m4v in Resources */ = {isa = PBXBuildFile; fileRef = F044175918B6E38800572780 /* 0L9A0303_converted.m4v */; };
		F044178318B6E38800572780 /* 0L9A0304_converted.m4v in Resources */ = {isa = PBXBuildFile; fileRef = F044175A18B6E38800572780 /* 0L9A0304_converted.m4v */; };
		F044178418B6E38800572780 /* 0L9A0305_converted.m4v in Resources */ = {isa = PBXBuildFile; fileRef = F044175B18B6E38800572780 /* 0L9A0305_converted.m4v */; };
		F044178518B6E38800572780 /* 0L9A0306_converted.m4v in Resources */ = {isa = PBXBuildFile; fileRef = F044175C18B6E38800572780 /* 0L9A0306_converted.m4v */; };
		F044178618B6E38800572780 /* 0L9A0307_converted.m4v in Resources */ = {isa = PBXBuildFile; fileRef = F044175D18B6E38800572780 /* 0L9A0307_converted.m4v */; };
		F044178718B6E38800572780 /* 0L9A0308_converted.m4v in Resources */ = {isa = PBXBuildFile; fileRef = F044175E18B6E38800572780 /* 0L9A0308_converted.m4v */; };
		F044178818B6E38800572780 /* 0L9A0309_converted.m4v in Resources */ = {isa = PBXBuildFile; fileRef = F044175F18B6E38800572780 /* 0L9A0309_converted.m4v */; };
		F044178918B6E38800572780 /* 0L9A0310_converted.m4v in Resources */ = {isa = PBXBuildFile; fileRef = F044176018B6E38800572780 /* 0L9A0310_converted.m4v */; };
		F044178A18B6E38800572780 /* 0L9A0311_converted.m4v in Resources */ = {isa = PBXBuildFile; fileRef = F044176118B6E38800572780 /* 0L9A0311_converted.m4v */; };
		F044178B18B6E38800572780 /* 0L9A0312_converted.m4v in Resources */ = {isa = PBXBuildFile; fileRef = F044176218B6E38800572780 /* 0L9A0312_converted.m4v */; };
		F044178C18B6E38800572780 /* 0L9A0313_converted.m4v in Resources */ = {isa = PBXBuildFile; fileRef = F044176318B6E38800572780 /* 0L9A0313_converted.m4v */; };
		F044178D18B6E38800572780 /* 0L9A0314_converted.m4v in Resources */ = {isa = PBXBuildFile; fileRef = F044176418B6E38800572780 /* 0L9A0314_converted.m4v */; };
		F044178E18B6E38800572780 /* 0L9A0315_converted.m4v in Resources */ = {isa = PBXBuildFile; fileRef = F044176518B6E38800572780 /* 0L9A0315_converted.m4v */; };
		F044178F18B6E38800572780 /* 0L9A0316_converted.m4v in Resources */ = {isa = PBXBuildFile; fileRef = F044176618B6E38800572780 /* 0L9A0316_converted.m4v */; };
		F044179018B6E38800572780 /* 0L9A0317_converted.m4v in Resources */ = {isa = PBXBuildFile; fileRef = F044176718B6E38800572780 /* 0L9A0317_converted.m4v */; };
		F044179118B6E38800572780 /* 0L9A0318_converted.m4v in Resources */ = {isa = PBXBuildFile; fileRef = F044176818B6E38800572780 /* 0L9A0318_converted.m4v */; };
		F044179218B6E38800572780 /* 0L9A0319_converted.m4v in Resources */ = {isa = PBXBuildFile; fileRef = F044176918B6E38800572780 /* 0L9A0319_converted.m4v */; };
		F044179318B6E38800572780 /* 0L9A0320_converted.m4v in Resources */ = {isa = PBXBuildFile; fileRef = F044176A18B6E38800572780 /* 0L9A0320_converted.m4v */; };
		F044179418B6E38800572780 /* 0L9A0321_converted.m4v in Resources */ = {isa = PBXBuildFile; fileRef = F044176B18B6E38800572780 /* 0L9A0321_converted.m4v */; };
		F044179518B6E38800572780 /* 0L9A0322_converted.m4v in Resources */ = {isa = PBXBuildFile; fileRef = F044176C18B6E38800572780 /* 0L9A0322_converted.m4v */; };
		F044179618B6E38800572780 /* 0L9A0323_converted.m4v in Resources */ = {isa = PBXBuildFile; fileRef = F044176D18B6E38800572780 /* 0L9A0323_converted.m4v */; };
		F044179718B6E38800572780 /* 0L9A0324_converted.m4v in Resources */ = {isa = PBXBuildFile; fileRef = F044176E18B6E38800572780 /* 0L9A0324_converted.m4v */; };
		F044179818B6E38800572780 /* 0L9A0325_converted.m4v in Resources */ = {isa = PBXBuildFile; fileRef = F044176F18B6E38800572780 /* 0L9A0325_converted.m4v */; };
		F044179918B6E38800572780 /* 0L9A0326_converted.m4v in Resources */ = {isa = PBXBuildFile; fileRef = F044177018B6E38800572780 /* 0L9A0326_converted.m4v */; };
		F044179A18B6E38800572780 /* 0L9A0327_converted.m4v in Resources */ = {isa = PBXBuildFile; fileRef = F044177118B6E38800572780 /* 0L9A0327_converted.m4v */; };
		F044179B18B6E38800572780 /* 0L9A0328_converted.m4v in Resources */ = {isa = PBXBuildFile; fileRef = F044177218B6E38800572780 /* 0L9A0328_converted.m4v */; };
		F044179C18B6E38800572780 /* Test FCP edit 01_1_converted.m4v in Resources */ = {isa = PBXBuildFile; fileRef = F044177318B6E38800572780 /* Test FCP edit 01_1_converted.m4v */; };
		F04417A018BA099300572780 /* SOSettingsViewController.m in Sources */ = {isa = PBXBuildFile; fileRef = F044179F18BA099300572780 /* SOSettingsViewController.m */; };
		F04417A318BA0C2400572780 /* SONotifications.m in Sources */ = {isa = PBXBuildFile; fileRef = F04417A218BA0C2400572780 /* SONotifications.m */; };
		F0AECCC618B171DB00263C32 /* Foundation.framework in Frameworks */ = {isa = PBXBuildFile; fileRef = F0AECCC518B171DB00263C32 /* Foundation.framework */; };
		F0AECCC818B171DB00263C32 /* CoreGraphics.framework in Frameworks */ = {isa = PBXBuildFile; fileRef = F0AECCC718B171DB00263C32 /* CoreGraphics.framework */; };
		F0AECCCA18B171DB00263C32 /* UIKit.framework in Frameworks */ = {isa = PBXBuildFile; fileRef = F0AECCC918B171DB00263C32 /* UIKit.framework */; };
		F0AECCD018B171DB00263C32 /* InfoPlist.strings in Resources */ = {isa = PBXBuildFile; fileRef = F0AECCCE18B171DB00263C32 /* InfoPlist.strings */; };
		F0AECCD218B171DB00263C32 /* main.m in Sources */ = {isa = PBXBuildFile; fileRef = F0AECCD118B171DB00263C32 /* main.m */; };
		F0AECCD618B171DB00263C32 /* SOAppDelegate.m in Sources */ = {isa = PBXBuildFile; fileRef = F0AECCD518B171DB00263C32 /* SOAppDelegate.m */; };
		F0AECCD918B171DB00263C32 /* Main.storyboard in Resources */ = {isa = PBXBuildFile; fileRef = F0AECCD718B171DB00263C32 /* Main.storyboard */; };
		F0AECCDC18B171DB00263C32 /* SOMasterViewController.m in Sources */ = {isa = PBXBuildFile; fileRef = F0AECCDB18B171DB00263C32 /* SOMasterViewController.m */; };
		F0AECCDF18B171DC00263C32 /* SODetailViewController.m in Sources */ = {isa = PBXBuildFile; fileRef = F0AECCDE18B171DC00263C32 /* SODetailViewController.m */; };
		F0AECCE118B171DC00263C32 /* Images.xcassets in Resources */ = {isa = PBXBuildFile; fileRef = F0AECCE018B171DC00263C32 /* Images.xcassets */; };
		F0AECCE818B171DC00263C32 /* XCTest.framework in Frameworks */ = {isa = PBXBuildFile; fileRef = F0AECCE718B171DC00263C32 /* XCTest.framework */; };
		F0AECCE918B171DC00263C32 /* Foundation.framework in Frameworks */ = {isa = PBXBuildFile; fileRef = F0AECCC518B171DB00263C32 /* Foundation.framework */; };
		F0AECCEA18B171DC00263C32 /* UIKit.framework in Frameworks */ = {isa = PBXBuildFile; fileRef = F0AECCC918B171DB00263C32 /* UIKit.framework */; };
		F0AECCF218B171DC00263C32 /* InfoPlist.strings in Resources */ = {isa = PBXBuildFile; fileRef = F0AECCF018B171DC00263C32 /* InfoPlist.strings */; };
		F0AECCF418B171DC00263C32 /* SOMoviePlayerTests.m in Sources */ = {isa = PBXBuildFile; fileRef = F0AECCF318B171DC00263C32 /* SOMoviePlayerTests.m */; };
		F0AECD0218B1785500263C32 /* MediaPlayer.framework in Frameworks */ = {isa = PBXBuildFile; fileRef = F0AECD0118B1785500263C32 /* MediaPlayer.framework */; };
		F0AECD0E18B1882B00263C32 /* CoreMotion.framework in Frameworks */ = {isa = PBXBuildFile; fileRef = F0AECD0D18B1882B00263C32 /* CoreMotion.framework */; };
/* End PBXBuildFile section */

/* Begin PBXContainerItemProxy section */
		F0AECCEB18B171DC00263C32 /* PBXContainerItemProxy */ = {
			isa = PBXContainerItemProxy;
			containerPortal = F0AECCBA18B171DB00263C32 /* Project object */;
			proxyType = 1;
			remoteGlobalIDString = F0AECCC118B171DB00263C32;
			remoteInfo = SOMoviePlayer;
		};
/* End PBXContainerItemProxy section */

/* Begin PBXFileReference section */
		F04416EE18B6E38200572780 /* 0L9A0242_converted.m4v */ = {isa = PBXFileReference; lastKnownFileType = file; path = 0L9A0242_converted.m4v; sourceTree = "<group>"; };
		F04416EF18B6E38200572780 /* 0L9A0244_converted.m4v */ = {isa = PBXFileReference; lastKnownFileType = file; path = 0L9A0244_converted.m4v; sourceTree = "<group>"; };
		F04416F018B6E38200572780 /* 0L9A0245_converted.m4v */ = {isa = PBXFileReference; lastKnownFileType = file; path = 0L9A0245_converted.m4v; sourceTree = "<group>"; };
		F04416F118B6E38200572780 /* 0L9A0246_converted.m4v */ = {isa = PBXFileReference; lastKnownFileType = file; path = 0L9A0246_converted.m4v; sourceTree = "<group>"; };
		F04416F218B6E38200572780 /* 0L9A0247_converted.m4v */ = {isa = PBXFileReference; lastKnownFileType = file; path = 0L9A0247_converted.m4v; sourceTree = "<group>"; };
		F04416F318B6E38200572780 /* 0L9A0248_converted.m4v */ = {isa = PBXFileReference; lastKnownFileType = file; path = 0L9A0248_converted.m4v; sourceTree = "<group>"; };
		F04416F418B6E38200572780 /* 0L9A0249_converted.m4v */ = {isa = PBXFileReference; lastKnownFileType = file; path = 0L9A0249_converted.m4v; sourceTree = "<group>"; };
		F04416F518B6E38200572780 /* 0L9A0250_converted.m4v */ = {isa = PBXFileReference; lastKnownFileType = file; path = 0L9A0250_converted.m4v; sourceTree = "<group>"; };
		F04416F618B6E38200572780 /* 0L9A0251_converted.m4v */ = {isa = PBXFileReference; lastKnownFileType = file; path = 0L9A0251_converted.m4v; sourceTree = "<group>"; };
		F04416F718B6E38200572780 /* 0L9A0252_converted.m4v */ = {isa = PBXFileReference; lastKnownFileType = file; path = 0L9A0252_converted.m4v; sourceTree = "<group>"; };
		F04416F818B6E38200572780 /* 0L9A0253_converted.m4v */ = {isa = PBXFileReference; lastKnownFileType = file; path = 0L9A0253_converted.m4v; sourceTree = "<group>"; };
		F04416F918B6E38200572780 /* 0L9A0254_converted.m4v */ = {isa = PBXFileReference; lastKnownFileType = file; path = 0L9A0254_converted.m4v; sourceTree = "<group>"; };
		F04416FA18B6E38200572780 /* 0L9A0255_converted.m4v */ = {isa = PBXFileReference; lastKnownFileType = file; path = 0L9A0255_converted.m4v; sourceTree = "<group>"; };
		F04416FB18B6E38200572780 /* 0L9A0256_converted.m4v */ = {isa = PBXFileReference; lastKnownFileType = file; path = 0L9A0256_converted.m4v; sourceTree = "<group>"; };
		F04416FC18B6E38200572780 /* 0L9A0257_converted.m4v */ = {isa = PBXFileReference; lastKnownFileType = file; path = 0L9A0257_converted.m4v; sourceTree = "<group>"; };
		F04416FD18B6E38200572780 /* 0L9A0258_converted.m4v */ = {isa = PBXFileReference; lastKnownFileType = file; path = 0L9A0258_converted.m4v; sourceTree = "<group>"; };
		F04416FE18B6E38200572780 /* 0L9A0259_converted.m4v */ = {isa = PBXFileReference; lastKnownFileType = file; path = 0L9A0259_converted.m4v; sourceTree = "<group>"; };
		F04416FF18B6E38200572780 /* 0L9A0260_converted.m4v */ = {isa = PBXFileReference; lastKnownFileType = file; path = 0L9A0260_converted.m4v; sourceTree = "<group>"; };
		F044170018B6E38200572780 /* 0L9A0261_converted.m4v */ = {isa = PBXFileReference; lastKnownFileType = file; path = 0L9A0261_converted.m4v; sourceTree = "<group>"; };
		F044170118B6E38200572780 /* 0L9A0262_converted.m4v */ = {isa = PBXFileReference; lastKnownFileType = file; path = 0L9A0262_converted.m4v; sourceTree = "<group>"; };
		F044170218B6E38200572780 /* 0L9A0263_converted.m4v */ = {isa = PBXFileReference; lastKnownFileType = file; path = 0L9A0263_converted.m4v; sourceTree = "<group>"; };
		F044170318B6E38200572780 /* 0L9A0264_converted.m4v */ = {isa = PBXFileReference; lastKnownFileType = file; path = 0L9A0264_converted.m4v; sourceTree = "<group>"; };
		F044170418B6E38200572780 /* 0L9A0265_converted.m4v */ = {isa = PBXFileReference; lastKnownFileType = file; path = 0L9A0265_converted.m4v; sourceTree = "<group>"; };
		F044170518B6E38200572780 /* 0L9A0266_converted.m4v */ = {isa = PBXFileReference; lastKnownFileType = file; path = 0L9A0266_converted.m4v; sourceTree = "<group>"; };
		F044170618B6E38200572780 /* 0L9A0267_converted.m4v */ = {isa = PBXFileReference; lastKnownFileType = file; path = 0L9A0267_converted.m4v; sourceTree = "<group>"; };
		F044170718B6E38200572780 /* 0L9A0268_converted.m4v */ = {isa = PBXFileReference; lastKnownFileType = file; path = 0L9A0268_converted.m4v; sourceTree = "<group>"; };
		F044170818B6E38200572780 /* 0L9A0269_converted.m4v */ = {isa = PBXFileReference; lastKnownFileType = file; path = 0L9A0269_converted.m4v; sourceTree = "<group>"; };
		F044170918B6E38200572780 /* 0L9A0270_converted.m4v */ = {isa = PBXFileReference; lastKnownFileType = file; path = 0L9A0270_converted.m4v; sourceTree = "<group>"; };
		F044170A18B6E38200572780 /* 0L9A0271_converted.m4v */ = {isa = PBXFileReference; lastKnownFileType = file; path = 0L9A0271_converted.m4v; sourceTree = "<group>"; };
		F044170B18B6E38200572780 /* 0L9A0272_converted.m4v */ = {isa = PBXFileReference; lastKnownFileType = file; path = 0L9A0272_converted.m4v; sourceTree = "<group>"; };
		F044170C18B6E38200572780 /* 0L9A0273_converted.m4v */ = {isa = PBXFileReference; lastKnownFileType = file; path = 0L9A0273_converted.m4v; sourceTree = "<group>"; };
		F044170D18B6E38200572780 /* 0L9A0274_converted.m4v */ = {isa = PBXFileReference; lastKnownFileType = file; path = 0L9A0274_converted.m4v; sourceTree = "<group>"; };
		F044170E18B6E38200572780 /* 0L9A0275_converted.m4v */ = {isa = PBXFileReference; lastKnownFileType = file; path = 0L9A0275_converted.m4v; sourceTree = "<group>"; };
		F044170F18B6E38200572780 /* 0L9A0276_converted.m4v */ = {isa = PBXFileReference; lastKnownFileType = file; path = 0L9A0276_converted.m4v; sourceTree = "<group>"; };
		F044171018B6E38200572780 /* 0L9A0277_converted.m4v */ = {isa = PBXFileReference; lastKnownFileType = file; path = 0L9A0277_converted.m4v; sourceTree = "<group>"; };
		F044171118B6E38200572780 /* 0L9A0278_converted.m4v */ = {isa = PBXFileReference; lastKnownFileType = file; path = 0L9A0278_converted.m4v; sourceTree = "<group>"; };
		F044171218B6E38200572780 /* 0L9A0279_converted.m4v */ = {isa = PBXFileReference; lastKnownFileType = file; path = 0L9A0279_converted.m4v; sourceTree = "<group>"; };
		F044171318B6E38200572780 /* 0L9A0280_converted.m4v */ = {isa = PBXFileReference; lastKnownFileType = file; path = 0L9A0280_converted.m4v; sourceTree = "<group>"; };
		F044171418B6E38200572780 /* 0L9A0281_converted.m4v */ = {isa = PBXFileReference; lastKnownFileType = file; path = 0L9A0281_converted.m4v; sourceTree = "<group>"; };
		F044171518B6E38200572780 /* 0L9A0282_converted.m4v */ = {isa = PBXFileReference; lastKnownFileType = file; path = 0L9A0282_converted.m4v; sourceTree = "<group>"; };
		F044171618B6E38200572780 /* 0L9A0283_converted.m4v */ = {isa = PBXFileReference; lastKnownFileType = file; path = 0L9A0283_converted.m4v; sourceTree = "<group>"; };
		F044171718B6E38200572780 /* 0L9A0284_converted.m4v */ = {isa = PBXFileReference; lastKnownFileType = file; path = 0L9A0284_converted.m4v; sourceTree = "<group>"; };
		F044171818B6E38200572780 /* 0L9A0285_converted.m4v */ = {isa = PBXFileReference; lastKnownFileType = file; path = 0L9A0285_converted.m4v; sourceTree = "<group>"; };
		F044171918B6E38200572780 /* 0L9A0286_converted.m4v */ = {isa = PBXFileReference; lastKnownFileType = file; path = 0L9A0286_converted.m4v; sourceTree = "<group>"; };
		F044171A18B6E38200572780 /* 0L9A0287_converted.m4v */ = {isa = PBXFileReference; lastKnownFileType = file; path = 0L9A0287_converted.m4v; sourceTree = "<group>"; };
		F044171B18B6E38200572780 /* 0L9A0288_converted.m4v */ = {isa = PBXFileReference; lastKnownFileType = file; path = 0L9A0288_converted.m4v; sourceTree = "<group>"; };
		F044174B18B6E38800572780 /* 0L9A0289_converted.m4v */ = {isa = PBXFileReference; lastKnownFileType = file; path = 0L9A0289_converted.m4v; sourceTree = "<group>"; };
		F044174C18B6E38800572780 /* 0L9A0290_converted.m4v */ = {isa = PBXFileReference; lastKnownFileType = file; path = 0L9A0290_converted.m4v; sourceTree = "<group>"; };
		F044174D18B6E38800572780 /* 0L9A0291_converted.m4v */ = {isa = PBXFileReference; lastKnownFileType = file; path = 0L9A0291_converted.m4v; sourceTree = "<group>"; };
		F044174E18B6E38800572780 /* 0L9A0292_converted.m4v */ = {isa = PBXFileReference; lastKnownFileType = file; path = 0L9A0292_converted.m4v; sourceTree = "<group>"; };
		F044174F18B6E38800572780 /* 0L9A0293_converted.m4v */ = {isa = PBXFileReference; lastKnownFileType = file; path = 0L9A0293_converted.m4v; sourceTree = "<group>"; };
		F044175018B6E38800572780 /* 0L9A0294_converted.m4v */ = {isa = PBXFileReference; lastKnownFileType = file; path = 0L9A0294_converted.m4v; sourceTree = "<group>"; };
		F044175118B6E38800572780 /* 0L9A0295_converted.m4v */ = {isa = PBXFileReference; lastKnownFileType = file; path = 0L9A0295_converted.m4v; sourceTree = "<group>"; };
		F044175218B6E38800572780 /* 0L9A0296_converted.m4v */ = {isa = PBXFileReference; lastKnownFileType = file; path = 0L9A0296_converted.m4v; sourceTree = "<group>"; };
		F044175318B6E38800572780 /* 0L9A0297_converted.m4v */ = {isa = PBXFileReference; lastKnownFileType = file; path = 0L9A0297_converted.m4v; sourceTree = "<group>"; };
		F044175418B6E38800572780 /* 0L9A0298_converted.m4v */ = {isa = PBXFileReference; lastKnownFileType = file; path = 0L9A0298_converted.m4v; sourceTree = "<group>"; };
		F044175518B6E38800572780 /* 0L9A0299_converted.m4v */ = {isa = PBXFileReference; lastKnownFileType = file; path = 0L9A0299_converted.m4v; sourceTree = "<group>"; };
		F044175618B6E38800572780 /* 0L9A0300_converted.m4v */ = {isa = PBXFileReference; lastKnownFileType = file; path = 0L9A0300_converted.m4v; sourceTree = "<group>"; };
		F044175718B6E38800572780 /* 0L9A0301_converted.m4v */ = {isa = PBXFileReference; lastKnownFileType = file; path = 0L9A0301_converted.m4v; sourceTree = "<group>"; };
		F044175818B6E38800572780 /* 0L9A0302_converted.m4v */ = {isa = PBXFileReference; lastKnownFileType = file; path = 0L9A0302_converted.m4v; sourceTree = "<group>"; };
		F044175918B6E38800572780 /* 0L9A0303_converted.m4v */ = {isa = PBXFileReference; lastKnownFileType = file; path = 0L9A0303_converted.m4v; sourceTree = "<group>"; };
		F044175A18B6E38800572780 /* 0L9A0304_converted.m4v */ = {isa = PBXFileReference; lastKnownFileType = file; path = 0L9A0304_converted.m4v; sourceTree = "<group>"; };
		F044175B18B6E38800572780 /* 0L9A0305_converted.m4v */ = {isa = PBXFileReference; lastKnownFileType = file; path = 0L9A0305_converted.m4v; sourceTree = "<group>"; };
		F044175C18B6E38800572780 /* 0L9A0306_converted.m4v */ = {isa = PBXFileReference; lastKnownFileType = file; path = 0L9A0306_converted.m4v; sourceTree = "<group>"; };
		F044175D18B6E38800572780 /* 0L9A0307_converted.m4v */ = {isa = PBXFileReference; lastKnownFileType = file; path = 0L9A0307_converted.m4v; sourceTree = "<group>"; };
		F044175E18B6E38800572780 /* 0L9A0308_converted.m4v */ = {isa = PBXFileReference; lastKnownFileType = file; path = 0L9A0308_converted.m4v; sourceTree = "<group>"; };
		F044175F18B6E38800572780 /* 0L9A0309_converted.m4v */ = {isa = PBXFileReference; lastKnownFileType = file; path = 0L9A0309_converted.m4v; sourceTree = "<group>"; };
		F044176018B6E38800572780 /* 0L9A0310_converted.m4v */ = {isa = PBXFileReference; lastKnownFileType = file; path = 0L9A0310_converted.m4v; sourceTree = "<group>"; };
		F044176118B6E38800572780 /* 0L9A0311_converted.m4v */ = {isa = PBXFileReference; lastKnownFileType = file; path = 0L9A0311_converted.m4v; sourceTree = "<group>"; };
		F044176218B6E38800572780 /* 0L9A0312_converted.m4v */ = {isa = PBXFileReference; lastKnownFileType = file; path = 0L9A0312_converted.m4v; sourceTree = "<group>"; };
		F044176318B6E38800572780 /* 0L9A0313_converted.m4v */ = {isa = PBXFileReference; lastKnownFileType = file; path = 0L9A0313_converted.m4v; sourceTree = "<group>"; };
		F044176418B6E38800572780 /* 0L9A0314_converted.m4v */ = {isa = PBXFileReference; lastKnownFileType = file; path = 0L9A0314_converted.m4v; sourceTree = "<group>"; };
		F044176518B6E38800572780 /* 0L9A0315_converted.m4v */ = {isa = PBXFileReference; lastKnownFileType = file; path = 0L9A0315_converted.m4v; sourceTree = "<group>"; };
		F044176618B6E38800572780 /* 0L9A0316_converted.m4v */ = {isa = PBXFileReference; lastKnownFileType = file; path = 0L9A0316_converted.m4v; sourceTree = "<group>"; };
		F044176718B6E38800572780 /* 0L9A0317_converted.m4v */ = {isa = PBXFileReference; lastKnownFileType = file; path = 0L9A0317_converted.m4v; sourceTree = "<group>"; };
		F044176818B6E38800572780 /* 0L9A0318_converted.m4v */ = {isa = PBXFileReference; lastKnownFileType = file; path = 0L9A0318_converted.m4v; sourceTree = "<group>"; };
		F044176918B6E38800572780 /* 0L9A0319_converted.m4v */ = {isa = PBXFileReference; lastKnownFileType = file; path = 0L9A0319_converted.m4v; sourceTree = "<group>"; };
		F044176A18B6E38800572780 /* 0L9A0320_converted.m4v */ = {isa = PBXFileReference; lastKnownFileType = file; path = 0L9A0320_converted.m4v; sourceTree = "<group>"; };
		F044176B18B6E38800572780 /* 0L9A0321_converted.m4v */ = {isa = PBXFileReference; lastKnownFileType = file; path = 0L9A0321_converted.m4v; sourceTree = "<group>"; };
		F044176C18B6E38800572780 /* 0L9A0322_converted.m4v */ = {isa = PBXFileReference; lastKnownFileType = file; path = 0L9A0322_converted.m4v; sourceTree = "<group>"; };
		F044176D18B6E38800572780 /* 0L9A0323_converted.m4v */ = {isa = PBXFileReference; lastKnownFileType = file; path = 0L9A0323_converted.m4v; sourceTree = "<group>"; };
		F044176E18B6E38800572780 /* 0L9A0324_converted.m4v */ = {isa = PBXFileReference; lastKnownFileType = file; path = 0L9A0324_converted.m4v; sourceTree = "<group>"; };
		F044176F18B6E38800572780 /* 0L9A0325_converted.m4v */ = {isa = PBXFileReference; lastKnownFileType = file; path = 0L9A0325_converted.m4v; sourceTree = "<group>"; };
		F044177018B6E38800572780 /* 0L9A0326_converted.m4v */ = {isa = PBXFileReference; lastKnownFileType = file; path = 0L9A0326_converted.m4v; sourceTree = "<group>"; };
		F044177118B6E38800572780 /* 0L9A0327_converted.m4v */ = {isa = PBXFileReference; lastKnownFileType = file; path = 0L9A0327_converted.m4v; sourceTree = "<group>"; };
		F044177218B6E38800572780 /* 0L9A0328_converted.m4v */ = {isa = PBXFileReference; lastKnownFileType = file; path = 0L9A0328_converted.m4v; sourceTree = "<group>"; };
		F044177318B6E38800572780 /* Test FCP edit 01_1_converted.m4v */ = {isa = PBXFileReference; lastKnownFileType = file; path = "Test FCP edit 01_1_converted.m4v"; sourceTree = "<group>"; };
		F044179E18BA099300572780 /* SOSettingsViewController.h */ = {isa = PBXFileReference; fileEncoding = 4; lastKnownFileType = sourcecode.c.h; path = SOSettingsViewController.h; sourceTree = "<group>"; };
		F044179F18BA099300572780 /* SOSettingsViewController.m */ = {isa = PBXFileReference; fileEncoding = 4; lastKnownFileType = sourcecode.c.objc; path = SOSettingsViewController.m; sourceTree = "<group>"; };
		F04417A118BA0C2400572780 /* SONotifications.h */ = {isa = PBXFileReference; fileEncoding = 4; lastKnownFileType = sourcecode.c.h; path = SONotifications.h; sourceTree = "<group>"; };
		F04417A218BA0C2400572780 /* SONotifications.m */ = {isa = PBXFileReference; fileEncoding = 4; lastKnownFileType = sourcecode.c.objc; path = SONotifications.m; sourceTree = "<group>"; };
		F0AECCC218B171DB00263C32 /* SOMoviePlayer.app */ = {isa = PBXFileReference; explicitFileType = wrapper.application; includeInIndex = 0; path = SOMoviePlayer.app; sourceTree = BUILT_PRODUCTS_DIR; };
		F0AECCC518B171DB00263C32 /* Foundation.framework */ = {isa = PBXFileReference; lastKnownFileType = wrapper.framework; name = Foundation.framework; path = System/Library/Frameworks/Foundation.framework; sourceTree = SDKROOT; };
		F0AECCC718B171DB00263C32 /* CoreGraphics.framework */ = {isa = PBXFileReference; lastKnownFileType = wrapper.framework; name = CoreGraphics.framework; path = System/Library/Frameworks/CoreGraphics.framework; sourceTree = SDKROOT; };
		F0AECCC918B171DB00263C32 /* UIKit.framework */ = {isa = PBXFileReference; lastKnownFileType = wrapper.framework; name = UIKit.framework; path = System/Library/Frameworks/UIKit.framework; sourceTree = SDKROOT; };
		F0AECCCD18B171DB00263C32 /* SOMoviePlayer-Info.plist */ = {isa = PBXFileReference; lastKnownFileType = text.plist.xml; path = "SOMoviePlayer-Info.plist"; sourceTree = "<group>"; };
		F0AECCCF18B171DB00263C32 /* en */ = {isa = PBXFileReference; lastKnownFileType = text.plist.strings; name = en; path = en.lproj/InfoPlist.strings; sourceTree = "<group>"; };
		F0AECCD118B171DB00263C32 /* main.m */ = {isa = PBXFileReference; lastKnownFileType = sourcecode.c.objc; path = main.m; sourceTree = "<group>"; };
		F0AECCD318B171DB00263C32 /* SOMoviePlayer-Prefix.pch */ = {isa = PBXFileReference; lastKnownFileType = sourcecode.c.h; path = "SOMoviePlayer-Prefix.pch"; sourceTree = "<group>"; };
		F0AECCD418B171DB00263C32 /* SOAppDelegate.h */ = {isa = PBXFileReference; lastKnownFileType = sourcecode.c.h; path = SOAppDelegate.h; sourceTree = "<group>"; };
		F0AECCD518B171DB00263C32 /* SOAppDelegate.m */ = {isa = PBXFileReference; lastKnownFileType = sourcecode.c.objc; path = SOAppDelegate.m; sourceTree = "<group>"; };
		F0AECCD818B171DB00263C32 /* Base */ = {isa = PBXFileReference; lastKnownFileType = file.storyboard; name = Base; path = Base.lproj/Main.storyboard; sourceTree = "<group>"; };
		F0AECCDA18B171DB00263C32 /* SOMasterViewController.h */ = {isa = PBXFileReference; lastKnownFileType = sourcecode.c.h; path = SOMasterViewController.h; sourceTree = "<group>"; };
		F0AECCDB18B171DB00263C32 /* SOMasterViewController.m */ = {isa = PBXFileReference; lastKnownFileType = sourcecode.c.objc; path = SOMasterViewController.m; sourceTree = "<group>"; };
		F0AECCDD18B171DB00263C32 /* SODetailViewController.h */ = {isa = PBXFileReference; lastKnownFileType = sourcecode.c.h; path = SODetailViewController.h; sourceTree = "<group>"; };
		F0AECCDE18B171DC00263C32 /* SODetailViewController.m */ = {isa = PBXFileReference; lastKnownFileType = sourcecode.c.objc; path = SODetailViewController.m; sourceTree = "<group>"; };
		F0AECCE018B171DC00263C32 /* Images.xcassets */ = {isa = PBXFileReference; lastKnownFileType = folder.assetcatalog; path = Images.xcassets; sourceTree = "<group>"; };
		F0AECCE618B171DC00263C32 /* SOMoviePlayerTests.xctest */ = {isa = PBXFileReference; explicitFileType = wrapper.cfbundle; includeInIndex = 0; path = SOMoviePlayerTests.xctest; sourceTree = BUILT_PRODUCTS_DIR; };
		F0AECCE718B171DC00263C32 /* XCTest.framework */ = {isa = PBXFileReference; lastKnownFileType = wrapper.framework; name = XCTest.framework; path = Library/Frameworks/XCTest.framework; sourceTree = DEVELOPER_DIR; };
		F0AECCEF18B171DC00263C32 /* SOMoviePlayerTests-Info.plist */ = {isa = PBXFileReference; lastKnownFileType = text.plist.xml; path = "SOMoviePlayerTests-Info.plist"; sourceTree = "<group>"; };
		F0AECCF118B171DC00263C32 /* en */ = {isa = PBXFileReference; lastKnownFileType = text.plist.strings; name = en; path = en.lproj/InfoPlist.strings; sourceTree = "<group>"; };
		F0AECCF318B171DC00263C32 /* SOMoviePlayerTests.m */ = {isa = PBXFileReference; lastKnownFileType = sourcecode.c.objc; path = SOMoviePlayerTests.m; sourceTree = "<group>"; };
		F0AECD0118B1785500263C32 /* MediaPlayer.framework */ = {isa = PBXFileReference; lastKnownFileType = wrapper.framework; name = MediaPlayer.framework; path = System/Library/Frameworks/MediaPlayer.framework; sourceTree = SDKROOT; };
		F0AECD0D18B1882B00263C32 /* CoreMotion.framework */ = {isa = PBXFileReference; lastKnownFileType = wrapper.framework; name = CoreMotion.framework; path = System/Library/Frameworks/CoreMotion.framework; sourceTree = SDKROOT; };
/* End PBXFileReference section */

/* Begin PBXFrameworksBuildPhase section */
		F0AECCBF18B171DB00263C32 /* Frameworks */ = {
			isa = PBXFrameworksBuildPhase;
			buildActionMask = 2147483647;
			files = (
				F0AECD0E18B1882B00263C32 /* CoreMotion.framework in Frameworks */,
				F0AECD0218B1785500263C32 /* MediaPlayer.framework in Frameworks */,
				F0AECCC818B171DB00263C32 /* CoreGraphics.framework in Frameworks */,
				F0AECCCA18B171DB00263C32 /* UIKit.framework in Frameworks */,
				F0AECCC618B171DB00263C32 /* Foundation.framework in Frameworks */,
			);
			runOnlyForDeploymentPostprocessing = 0;
		};
		F0AECCE318B171DC00263C32 /* Frameworks */ = {
			isa = PBXFrameworksBuildPhase;
			buildActionMask = 2147483647;
			files = (
				F0AECCE818B171DC00263C32 /* XCTest.framework in Frameworks */,
				F0AECCEA18B171DC00263C32 /* UIKit.framework in Frameworks */,
				F0AECCE918B171DC00263C32 /* Foundation.framework in Frameworks */,
			);
			runOnlyForDeploymentPostprocessing = 0;
		};
/* End PBXFrameworksBuildPhase section */

/* Begin PBXGroup section */
		F04416ED18B6E38200572780 /* MovieFiles1 */ = {
			isa = PBXGroup;
			children = (
				F04416EE18B6E38200572780 /* 0L9A0242_converted.m4v */,
				F04416EF18B6E38200572780 /* 0L9A0244_converted.m4v */,
				F04416F018B6E38200572780 /* 0L9A0245_converted.m4v */,
				F04416F118B6E38200572780 /* 0L9A0246_converted.m4v */,
				F04416F218B6E38200572780 /* 0L9A0247_converted.m4v */,
				F04416F318B6E38200572780 /* 0L9A0248_converted.m4v */,
				F04416F418B6E38200572780 /* 0L9A0249_converted.m4v */,
				F04416F518B6E38200572780 /* 0L9A0250_converted.m4v */,
				F04416F618B6E38200572780 /* 0L9A0251_converted.m4v */,
				F04416F718B6E38200572780 /* 0L9A0252_converted.m4v */,
				F04416F818B6E38200572780 /* 0L9A0253_converted.m4v */,
				F04416F918B6E38200572780 /* 0L9A0254_converted.m4v */,
				F04416FA18B6E38200572780 /* 0L9A0255_converted.m4v */,
				F04416FB18B6E38200572780 /* 0L9A0256_converted.m4v */,
				F04416FC18B6E38200572780 /* 0L9A0257_converted.m4v */,
				F04416FD18B6E38200572780 /* 0L9A0258_converted.m4v */,
				F04416FE18B6E38200572780 /* 0L9A0259_converted.m4v */,
				F04416FF18B6E38200572780 /* 0L9A0260_converted.m4v */,
				F044170018B6E38200572780 /* 0L9A0261_converted.m4v */,
				F044170118B6E38200572780 /* 0L9A0262_converted.m4v */,
				F044170218B6E38200572780 /* 0L9A0263_converted.m4v */,
				F044170318B6E38200572780 /* 0L9A0264_converted.m4v */,
				F044170418B6E38200572780 /* 0L9A0265_converted.m4v */,
				F044170518B6E38200572780 /* 0L9A0266_converted.m4v */,
				F044170618B6E38200572780 /* 0L9A0267_converted.m4v */,
				F044170718B6E38200572780 /* 0L9A0268_converted.m4v */,
				F044170818B6E38200572780 /* 0L9A0269_converted.m4v */,
				F044170918B6E38200572780 /* 0L9A0270_converted.m4v */,
				F044170A18B6E38200572780 /* 0L9A0271_converted.m4v */,
				F044170B18B6E38200572780 /* 0L9A0272_converted.m4v */,
				F044170C18B6E38200572780 /* 0L9A0273_converted.m4v */,
				F044170D18B6E38200572780 /* 0L9A0274_converted.m4v */,
				F044170E18B6E38200572780 /* 0L9A0275_converted.m4v */,
				F044170F18B6E38200572780 /* 0L9A0276_converted.m4v */,
				F044171018B6E38200572780 /* 0L9A0277_converted.m4v */,
				F044171118B6E38200572780 /* 0L9A0278_converted.m4v */,
				F044171218B6E38200572780 /* 0L9A0279_converted.m4v */,
				F044171318B6E38200572780 /* 0L9A0280_converted.m4v */,
				F044171418B6E38200572780 /* 0L9A0281_converted.m4v */,
				F044171518B6E38200572780 /* 0L9A0282_converted.m4v */,
				F044171618B6E38200572780 /* 0L9A0283_converted.m4v */,
				F044171718B6E38200572780 /* 0L9A0284_converted.m4v */,
				F044171818B6E38200572780 /* 0L9A0285_converted.m4v */,
				F044171918B6E38200572780 /* 0L9A0286_converted.m4v */,
				F044171A18B6E38200572780 /* 0L9A0287_converted.m4v */,
				F044171B18B6E38200572780 /* 0L9A0288_converted.m4v */,
			);
			path = MovieFiles1;
			sourceTree = "<group>";
		};
		F044174A18B6E38800572780 /* MovieFiles2 */ = {
			isa = PBXGroup;
			children = (
				F044174B18B6E38800572780 /* 0L9A0289_converted.m4v */,
				F044174C18B6E38800572780 /* 0L9A0290_converted.m4v */,
				F044174D18B6E38800572780 /* 0L9A0291_converted.m4v */,
				F044174E18B6E38800572780 /* 0L9A0292_converted.m4v */,
				F044174F18B6E38800572780 /* 0L9A0293_converted.m4v */,
				F044175018B6E38800572780 /* 0L9A0294_converted.m4v */,
				F044175118B6E38800572780 /* 0L9A0295_converted.m4v */,
				F044175218B6E38800572780 /* 0L9A0296_converted.m4v */,
				F044175318B6E38800572780 /* 0L9A0297_converted.m4v */,
				F044175418B6E38800572780 /* 0L9A0298_converted.m4v */,
				F044175518B6E38800572780 /* 0L9A0299_converted.m4v */,
				F044175618B6E38800572780 /* 0L9A0300_converted.m4v */,
				F044175718B6E38800572780 /* 0L9A0301_converted.m4v */,
				F044175818B6E38800572780 /* 0L9A0302_converted.m4v */,
				F044175918B6E38800572780 /* 0L9A0303_converted.m4v */,
				F044175A18B6E38800572780 /* 0L9A0304_converted.m4v */,
				F044175B18B6E38800572780 /* 0L9A0305_converted.m4v */,
				F044175C18B6E38800572780 /* 0L9A0306_converted.m4v */,
				F044175D18B6E38800572780 /* 0L9A0307_converted.m4v */,
				F044175E18B6E38800572780 /* 0L9A0308_converted.m4v */,
				F044175F18B6E38800572780 /* 0L9A0309_converted.m4v */,
				F044176018B6E38800572780 /* 0L9A0310_converted.m4v */,
				F044176118B6E38800572780 /* 0L9A0311_converted.m4v */,
				F044176218B6E38800572780 /* 0L9A0312_converted.m4v */,
				F044176318B6E38800572780 /* 0L9A0313_converted.m4v */,
				F044176418B6E38800572780 /* 0L9A0314_converted.m4v */,
				F044176518B6E38800572780 /* 0L9A0315_converted.m4v */,
				F044176618B6E38800572780 /* 0L9A0316_converted.m4v */,
				F044176718B6E38800572780 /* 0L9A0317_converted.m4v */,
				F044176818B6E38800572780 /* 0L9A0318_converted.m4v */,
				F044176918B6E38800572780 /* 0L9A0319_converted.m4v */,
				F044176A18B6E38800572780 /* 0L9A0320_converted.m4v */,
				F044176B18B6E38800572780 /* 0L9A0321_converted.m4v */,
				F044176C18B6E38800572780 /* 0L9A0322_converted.m4v */,
				F044176D18B6E38800572780 /* 0L9A0323_converted.m4v */,
				F044176E18B6E38800572780 /* 0L9A0324_converted.m4v */,
				F044176F18B6E38800572780 /* 0L9A0325_converted.m4v */,
				F044177018B6E38800572780 /* 0L9A0326_converted.m4v */,
				F044177118B6E38800572780 /* 0L9A0327_converted.m4v */,
				F044177218B6E38800572780 /* 0L9A0328_converted.m4v */,
				F044177318B6E38800572780 /* Test FCP edit 01_1_converted.m4v */,
			);
			path = MovieFiles2;
			sourceTree = "<group>";
		};
		F0AECCB918B171DB00263C32 = {
			isa = PBXGroup;
			children = (
				F0AECCCB18B171DB00263C32 /* SOMoviePlayer */,
				F0AECCED18B171DC00263C32 /* SOMoviePlayerTests */,
				F0AECCC418B171DB00263C32 /* Frameworks */,
				F0AECCC318B171DB00263C32 /* Products */,
			);
			sourceTree = "<group>";
		};
		F0AECCC318B171DB00263C32 /* Products */ = {
			isa = PBXGroup;
			children = (
				F0AECCC218B171DB00263C32 /* SOMoviePlayer.app */,
				F0AECCE618B171DC00263C32 /* SOMoviePlayerTests.xctest */,
			);
			name = Products;
			sourceTree = "<group>";
		};
		F0AECCC418B171DB00263C32 /* Frameworks */ = {
			isa = PBXGroup;
			children = (
				F0AECD0D18B1882B00263C32 /* CoreMotion.framework */,
				F0AECD0118B1785500263C32 /* MediaPlayer.framework */,
				F0AECCC518B171DB00263C32 /* Foundation.framework */,
				F0AECCC718B171DB00263C32 /* CoreGraphics.framework */,
				F0AECCC918B171DB00263C32 /* UIKit.framework */,
				F0AECCE718B171DC00263C32 /* XCTest.framework */,
			);
			name = Frameworks;
			sourceTree = "<group>";
		};
		F0AECCCB18B171DB00263C32 /* SOMoviePlayer */ = {
			isa = PBXGroup;
			children = (
				F0AECCD418B171DB00263C32 /* SOAppDelegate.h */,
				F0AECCD518B171DB00263C32 /* SOAppDelegate.m */,
				F04417A118BA0C2400572780 /* SONotifications.h */,
				F04417A218BA0C2400572780 /* SONotifications.m */,
				F0AECCD718B171DB00263C32 /* Main.storyboard */,
				F0AECCDA18B171DB00263C32 /* SOMasterViewController.h */,
				F0AECCDB18B171DB00263C32 /* SOMasterViewController.m */,
				F0AECCDD18B171DB00263C32 /* SODetailViewController.h */,
				F0AECCDE18B171DC00263C32 /* SODetailViewController.m */,
				F044179E18BA099300572780 /* SOSettingsViewController.h */,
				F044179F18BA099300572780 /* SOSettingsViewController.m */,
				F0AECCE018B171DC00263C32 /* Images.xcassets */,
				F0AECCCC18B171DB00263C32 /* Supporting Files */,
			);
			path = SOMoviePlayer;
			sourceTree = "<group>";
		};
		F0AECCCC18B171DB00263C32 /* Supporting Files */ = {
			isa = PBXGroup;
			children = (
				F044174A18B6E38800572780 /* MovieFiles2 */,
				F04416ED18B6E38200572780 /* MovieFiles1 */,
				F0AECCCD18B171DB00263C32 /* SOMoviePlayer-Info.plist */,
				F0AECCCE18B171DB00263C32 /* InfoPlist.strings */,
				F0AECCD118B171DB00263C32 /* main.m */,
				F0AECCD318B171DB00263C32 /* SOMoviePlayer-Prefix.pch */,
			);
			name = "Supporting Files";
			sourceTree = "<group>";
		};
		F0AECCED18B171DC00263C32 /* SOMoviePlayerTests */ = {
			isa = PBXGroup;
			children = (
				F0AECCF318B171DC00263C32 /* SOMoviePlayerTests.m */,
				F0AECCEE18B171DC00263C32 /* Supporting Files */,
			);
			path = SOMoviePlayerTests;
			sourceTree = "<group>";
		};
		F0AECCEE18B171DC00263C32 /* Supporting Files */ = {
			isa = PBXGroup;
			children = (
				F0AECCEF18B171DC00263C32 /* SOMoviePlayerTests-Info.plist */,
				F0AECCF018B171DC00263C32 /* InfoPlist.strings */,
			);
			name = "Supporting Files";
			sourceTree = "<group>";
		};
/* End PBXGroup section */

/* Begin PBXNativeTarget section */
		F0AECCC118B171DB00263C32 /* SOMoviePlayer */ = {
			isa = PBXNativeTarget;
			buildConfigurationList = F0AECCF718B171DC00263C32 /* Build configuration list for PBXNativeTarget "SOMoviePlayer" */;
			buildPhases = (
				F0AECCBE18B171DB00263C32 /* Sources */,
				F0AECCBF18B171DB00263C32 /* Frameworks */,
				F0AECCC018B171DB00263C32 /* Resources */,
			);
			buildRules = (
			);
			dependencies = (
			);
			name = SOMoviePlayer;
			productName = SOMoviePlayer;
			productReference = F0AECCC218B171DB00263C32 /* SOMoviePlayer.app */;
			productType = "com.apple.product-type.application";
		};
		F0AECCE518B171DC00263C32 /* SOMoviePlayerTests */ = {
			isa = PBXNativeTarget;
			buildConfigurationList = F0AECCFA18B171DC00263C32 /* Build configuration list for PBXNativeTarget "SOMoviePlayerTests" */;
			buildPhases = (
				F0AECCE218B171DC00263C32 /* Sources */,
				F0AECCE318B171DC00263C32 /* Frameworks */,
				F0AECCE418B171DC00263C32 /* Resources */,
			);
			buildRules = (
			);
			dependencies = (
				F0AECCEC18B171DC00263C32 /* PBXTargetDependency */,
			);
			name = SOMoviePlayerTests;
			productName = SOMoviePlayerTests;
			productReference = F0AECCE618B171DC00263C32 /* SOMoviePlayerTests.xctest */;
			productType = "com.apple.product-type.bundle.unit-test";
		};
/* End PBXNativeTarget section */

/* Begin PBXProject section */
		F0AECCBA18B171DB00263C32 /* Project object */ = {
			isa = PBXProject;
			attributes = {
				CLASSPREFIX = SO;
				LastUpgradeCheck = 0500;
				ORGANIZATIONNAME = "Stephen OHara";
				TargetAttributes = {
					F0AECCE518B171DC00263C32 = {
						TestTargetID = F0AECCC118B171DB00263C32;
					};
				};
			};
			buildConfigurationList = F0AECCBD18B171DB00263C32 /* Build configuration list for PBXProject "SOMoviePlayer" */;
			compatibilityVersion = "Xcode 3.2";
			developmentRegion = English;
			hasScannedForEncodings = 0;
			knownRegions = (
				en,
				Base,
			);
			mainGroup = F0AECCB918B171DB00263C32;
			productRefGroup = F0AECCC318B171DB00263C32 /* Products */;
			projectDirPath = "";
			projectRoot = "";
			targets = (
				F0AECCC118B171DB00263C32 /* SOMoviePlayer */,
				F0AECCE518B171DC00263C32 /* SOMoviePlayerTests */,
			);
		};
/* End PBXProject section */

/* Begin PBXResourcesBuildPhase section */
		F0AECCC018B171DB00263C32 /* Resources */ = {
			isa = PBXResourcesBuildPhase;
			buildActionMask = 2147483647;
			files = (
				F044178218B6E38800572780 /* 0L9A0303_converted.m4v in Resources */,
				F044173C18B6E38200572780 /* 0L9A0275_converted.m4v in Resources */,
				F044177418B6E38800572780 /* 0L9A0289_converted.m4v in Resources */,
				F044172118B6E38200572780 /* 0L9A0248_converted.m4v in Resources */,
				F044179918B6E38800572780 /* 0L9A0326_converted.m4v in Resources */,
				F044173118B6E38200572780 /* 0L9A0264_converted.m4v in Resources */,
				F044174618B6E38200572780 /* 0L9A0285_converted.m4v in Resources */,
				F044173518B6E38200572780 /* 0L9A0268_converted.m4v in Resources */,
				F044178E18B6E38800572780 /* 0L9A0315_converted.m4v in Resources */,
				F044174018B6E38200572780 /* 0L9A0279_converted.m4v in Resources */,
				F044171D18B6E38200572780 /* 0L9A0244_converted.m4v in Resources */,
				F044173818B6E38200572780 /* 0L9A0271_converted.m4v in Resources */,
				F044173E18B6E38200572780 /* 0L9A0277_converted.m4v in Resources */,
				F044172518B6E38200572780 /* 0L9A0252_converted.m4v in Resources */,
				F044179A18B6E38800572780 /* 0L9A0327_converted.m4v in Resources */,
				F044172D18B6E38200572780 /* 0L9A0260_converted.m4v in Resources */,
				F044174818B6E38200572780 /* 0L9A0287_converted.m4v in Resources */,
				F044172718B6E38200572780 /* 0L9A0254_converted.m4v in Resources */,
				F044179B18B6E38800572780 /* 0L9A0328_converted.m4v in Resources */,
				F044177E18B6E38800572780 /* 0L9A0299_converted.m4v in Resources */,
				F044178618B6E38800572780 /* 0L9A0307_converted.m4v in Resources */,
				F044179418B6E38800572780 /* 0L9A0321_converted.m4v in Resources */,
				F044178418B6E38800572780 /* 0L9A0305_converted.m4v in Resources */,
				F044174418B6E38200572780 /* 0L9A0283_converted.m4v in Resources */,
				F044174518B6E38200572780 /* 0L9A0284_converted.m4v in Resources */,
				F044179818B6E38800572780 /* 0L9A0325_converted.m4v in Resources */,
				F044179618B6E38800572780 /* 0L9A0323_converted.m4v in Resources */,
				F044172F18B6E38200572780 /* 0L9A0262_converted.m4v in Resources */,
				F044173B18B6E38200572780 /* 0L9A0274_converted.m4v in Resources */,
				F0AECCE118B171DC00263C32 /* Images.xcassets in Resources */,
				F044174118B6E38200572780 /* 0L9A0280_converted.m4v in Resources */,
				F044178918B6E38800572780 /* 0L9A0310_converted.m4v in Resources */,
				F044174218B6E38200572780 /* 0L9A0281_converted.m4v in Resources */,
				F044174918B6E38200572780 /* 0L9A0288_converted.m4v in Resources */,
				F044179C18B6E38800572780 /* Test FCP edit 01_1_converted.m4v in Resources */,
				F044172B18B6E38200572780 /* 0L9A0258_converted.m4v in Resources */,
				F044172618B6E38200572780 /* 0L9A0253_converted.m4v in Resources */,
				F044173918B6E38200572780 /* 0L9A0272_converted.m4v in Resources */,
				F044179318B6E38800572780 /* 0L9A0320_converted.m4v in Resources */,
				F044178018B6E38800572780 /* 0L9A0301_converted.m4v in Resources */,
				F044172818B6E38200572780 /* 0L9A0255_converted.m4v in Resources */,
				F044177A18B6E38800572780 /* 0L9A0295_converted.m4v in Resources */,
				F044177818B6E38800572780 /* 0L9A0293_converted.m4v in Resources */,
				F044172318B6E38200572780 /* 0L9A0250_converted.m4v in Resources */,
				F044177718B6E38800572780 /* 0L9A0292_converted.m4v in Resources */,
				F044178F18B6E38800572780 /* 0L9A0316_converted.m4v in Resources */,
				F044179118B6E38800572780 /* 0L9A0318_converted.m4v in Resources */,
				F044179218B6E38800572780 /* 0L9A0319_converted.m4v in Resources */,
				F044177F18B6E38800572780 /* 0L9A0300_converted.m4v in Resources */,
				F044177C18B6E38800572780 /* 0L9A0297_converted.m4v in Resources */,
				F0AECCD018B171DB00263C32 /* InfoPlist.strings in Resources */,
				F044174718B6E38200572780 /* 0L9A0286_converted.m4v in Resources */,
				F044173218B6E38200572780 /* 0L9A0265_converted.m4v in Resources */,
				F044177618B6E38800572780 /* 0L9A0291_converted.m4v in Resources */,
				F044171E18B6E38200572780 /* 0L9A0245_converted.m4v in Resources */,
				F044173318B6E38200572780 /* 0L9A0266_converted.m4v in Resources */,
				F044172418B6E38200572780 /* 0L9A0251_converted.m4v in Resources */,
				F044173418B6E38200572780 /* 0L9A0267_converted.m4v in Resources */,
				F044173F18B6E38200572780 /* 0L9A0278_converted.m4v in Resources */,
				F044179018B6E38800572780 /* 0L9A0317_converted.m4v in Resources */,
				F044177D18B6E38800572780 /* 0L9A0298_converted.m4v in Resources */,
				F044178B18B6E38800572780 /* 0L9A0312_converted.m4v in Resources */,
				F044178D18B6E38800572780 /* 0L9A0314_converted.m4v in Resources */,
				F044172E18B6E38200572780 /* 0L9A0261_converted.m4v in Resources */,
				F044172918B6E38200572780 /* 0L9A0256_converted.m4v in Resources */,
				F044173618B6E38200572780 /* 0L9A0269_converted.m4v in Resources */,
				F044178518B6E38800572780 /* 0L9A0306_converted.m4v in Resources */,
				F044172A18B6E38200572780 /* 0L9A0257_converted.m4v in Resources */,
				F044172218B6E38200572780 /* 0L9A0249_converted.m4v in Resources */,
				F044171C18B6E38200572780 /* 0L9A0242_converted.m4v in Resources */,
				F044178A18B6E38800572780 /* 0L9A0311_converted.m4v in Resources */,
				F044178318B6E38800572780 /* 0L9A0304_converted.m4v in Resources */,
				F044179718B6E38800572780 /* 0L9A0324_converted.m4v in Resources */,
				F044171F18B6E38200572780 /* 0L9A0246_converted.m4v in Resources */,
				F044173A18B6E38200572780 /* 0L9A0273_converted.m4v in Resources */,
				F044178118B6E38800572780 /* 0L9A0302_converted.m4v in Resources */,
				F044177B18B6E38800572780 /* 0L9A0296_converted.m4v in Resources */,
				F044173718B6E38200572780 /* 0L9A0270_converted.m4v in Resources */,
				F044177518B6E38800572780 /* 0L9A0290_converted.m4v in Resources */,
				F044179518B6E38800572780 /* 0L9A0322_converted.m4v in Resources */,
				F044178718B6E38800572780 /* 0L9A0308_converted.m4v in Resources */,
				F044174318B6E38200572780 /* 0L9A0282_converted.m4v in Resources */,
				F044177918B6E38800572780 /* 0L9A0294_converted.m4v in Resources */,
				F0AECCD918B171DB00263C32 /* Main.storyboard in Resources */,
				F044173018B6E38200572780 /* 0L9A0263_converted.m4v in Resources */,
				F044178C18B6E38800572780 /* 0L9A0313_converted.m4v in Resources */,
				F044178818B6E38800572780 /* 0L9A0309_converted.m4v in Resources */,
				F044172C18B6E38200572780 /* 0L9A0259_converted.m4v in Resources */,
				F044173D18B6E38200572780 /* 0L9A0276_converted.m4v in Resources */,
				F044172018B6E38200572780 /* 0L9A0247_converted.m4v in Resources */,
			);
			runOnlyForDeploymentPostprocessing = 0;
		};
		F0AECCE418B171DC00263C32 /* Resources */ = {
			isa = PBXResourcesBuildPhase;
			buildActionMask = 2147483647;
			files = (
				F0AECCF218B171DC00263C32 /* InfoPlist.strings in Resources */,
			);
			runOnlyForDeploymentPostprocessing = 0;
		};
/* End PBXResourcesBuildPhase section */

/* Begin PBXSourcesBuildPhase section */
		F0AECCBE18B171DB00263C32 /* Sources */ = {
			isa = PBXSourcesBuildPhase;
			buildActionMask = 2147483647;
			files = (
				F0AECCDC18B171DB00263C32 /* SOMasterViewController.m in Sources */,
				F0AECCD618B171DB00263C32 /* SOAppDelegate.m in Sources */,
				F04417A318BA0C2400572780 /* SONotifications.m in Sources */,
				F0AECCD218B171DB00263C32 /* main.m in Sources */,
				F0AECCDF18B171DC00263C32 /* SODetailViewController.m in Sources */,
				F04417A018BA099300572780 /* SOSettingsViewController.m in Sources */,
			);
			runOnlyForDeploymentPostprocessing = 0;
		};
		F0AECCE218B171DC00263C32 /* Sources */ = {
			isa = PBXSourcesBuildPhase;
			buildActionMask = 2147483647;
			files = (
				F0AECCF418B171DC00263C32 /* SOMoviePlayerTests.m in Sources */,
			);
			runOnlyForDeploymentPostprocessing = 0;
		};
/* End PBXSourcesBuildPhase section */

/* Begin PBXTargetDependency section */
		F0AECCEC18B171DC00263C32 /* PBXTargetDependency */ = {
			isa = PBXTargetDependency;
			target = F0AECCC118B171DB00263C32 /* SOMoviePlayer */;
			targetProxy = F0AECCEB18B171DC00263C32 /* PBXContainerItemProxy */;
		};
/* End PBXTargetDependency section */

/* Begin PBXVariantGroup section */
		F0AECCCE18B171DB00263C32 /* InfoPlist.strings */ = {
			isa = PBXVariantGroup;
			children = (
				F0AECCCF18B171DB00263C32 /* en */,
			);
			name = InfoPlist.strings;
			sourceTree = "<group>";
		};
		F0AECCD718B171DB00263C32 /* Main.storyboard */ = {
			isa = PBXVariantGroup;
			children = (
				F0AECCD818B171DB00263C32 /* Base */,
			);
			name = Main.storyboard;
			sourceTree = "<group>";
		};
		F0AECCF018B171DC00263C32 /* InfoPlist.strings */ = {
			isa = PBXVariantGroup;
			children = (
				F0AECCF118B171DC00263C32 /* en */,
			);
			name = InfoPlist.strings;
			sourceTree = "<group>";
		};
/* End PBXVariantGroup section */

/* Begin XCBuildConfiguration section */
		F0AECCF518B171DC00263C32 /* Debug */ = {
			isa = XCBuildConfiguration;
			buildSettings = {
				ALWAYS_SEARCH_USER_PATHS = NO;
				ARCHS = "$(ARCHS_STANDARD_INCLUDING_64_BIT)";
				CLANG_CXX_LANGUAGE_STANDARD = "gnu++0x";
				CLANG_CXX_LIBRARY = "libc++";
				CLANG_ENABLE_MODULES = YES;
				CLANG_ENABLE_OBJC_ARC = YES;
				CLANG_WARN_BOOL_CONVERSION = YES;
				CLANG_WARN_CONSTANT_CONVERSION = YES;
				CLANG_WARN_DIRECT_OBJC_ISA_USAGE = YES_ERROR;
				CLANG_WARN_EMPTY_BODY = YES;
				CLANG_WARN_ENUM_CONVERSION = YES;
				CLANG_WARN_INT_CONVERSION = YES;
				CLANG_WARN_OBJC_ROOT_CLASS = YES_ERROR;
				CLANG_WARN__DUPLICATE_METHOD_MATCH = YES;
				"CODE_SIGN_IDENTITY[sdk=iphoneos*]" = "iPhone Developer";
				COPY_PHASE_STRIP = NO;
				GCC_C_LANGUAGE_STANDARD = gnu99;
				GCC_DYNAMIC_NO_PIC = NO;
				GCC_OPTIMIZATION_LEVEL = 0;
				GCC_PREPROCESSOR_DEFINITIONS = (
					"DEBUG=1",
					"$(inherited)",
				);
				GCC_SYMBOLS_PRIVATE_EXTERN = NO;
				GCC_WARN_64_TO_32_BIT_CONVERSION = YES;
				GCC_WARN_ABOUT_RETURN_TYPE = YES_ERROR;
				GCC_WARN_UNDECLARED_SELECTOR = YES;
				GCC_WARN_UNINITIALIZED_AUTOS = YES;
				GCC_WARN_UNUSED_FUNCTION = YES;
				GCC_WARN_UNUSED_VARIABLE = YES;
				IPHONEOS_DEPLOYMENT_TARGET = 7.0;
				ONLY_ACTIVE_ARCH = YES;
				SDKROOT = iphoneos;
			};
			name = Debug;
		};
		F0AECCF618B171DC00263C32 /* Release */ = {
			isa = XCBuildConfiguration;
			buildSettings = {
				ALWAYS_SEARCH_USER_PATHS = NO;
				ARCHS = "$(ARCHS_STANDARD_INCLUDING_64_BIT)";
				CLANG_CXX_LANGUAGE_STANDARD = "gnu++0x";
				CLANG_CXX_LIBRARY = "libc++";
				CLANG_ENABLE_MODULES = YES;
				CLANG_ENABLE_OBJC_ARC = YES;
				CLANG_WARN_BOOL_CONVERSION = YES;
				CLANG_WARN_CONSTANT_CONVERSION = YES;
				CLANG_WARN_DIRECT_OBJC_ISA_USAGE = YES_ERROR;
				CLANG_WARN_EMPTY_BODY = YES;
				CLANG_WARN_ENUM_CONVERSION = YES;
				CLANG_WARN_INT_CONVERSION = YES;
				CLANG_WARN_OBJC_ROOT_CLASS = YES_ERROR;
				CLANG_WARN__DUPLICATE_METHOD_MATCH = YES;
				"CODE_SIGN_IDENTITY[sdk=iphoneos*]" = "iPhone Developer";
				COPY_PHASE_STRIP = YES;
				ENABLE_NS_ASSERTIONS = NO;
				GCC_C_LANGUAGE_STANDARD = gnu99;
				GCC_WARN_64_TO_32_BIT_CONVERSION = YES;
				GCC_WARN_ABOUT_RETURN_TYPE = YES_ERROR;
				GCC_WARN_UNDECLARED_SELECTOR = YES;
				GCC_WARN_UNINITIALIZED_AUTOS = YES;
				GCC_WARN_UNUSED_FUNCTION = YES;
				GCC_WARN_UNUSED_VARIABLE = YES;
				IPHONEOS_DEPLOYMENT_TARGET = 7.0;
				SDKROOT = iphoneos;
				VALIDATE_PRODUCT = YES;
			};
			name = Release;
		};
		F0AECCF818B171DC00263C32 /* Debug */ = {
			isa = XCBuildConfiguration;
			buildSettings = {
				ARCHS = "$(ARCHS_STANDARD)";
				ASSETCATALOG_COMPILER_APPICON_NAME = AppIcon;
				ASSETCATALOG_COMPILER_LAUNCHIMAGE_NAME = LaunchImage;
				GCC_PRECOMPILE_PREFIX_HEADER = YES;
				GCC_PREFIX_HEADER = "SOMoviePlayer/SOMoviePlayer-Prefix.pch";
				INFOPLIST_FILE = "SOMoviePlayer/SOMoviePlayer-Info.plist";
				IPHONEOS_DEPLOYMENT_TARGET = 7.0;
				PRODUCT_NAME = "$(TARGET_NAME)";
				SDKROOT = iphoneos;
				WRAPPER_EXTENSION = app;
			};
			name = Debug;
		};
		F0AECCF918B171DC00263C32 /* Release */ = {
			isa = XCBuildConfiguration;
			buildSettings = {
				ARCHS = "$(ARCHS_STANDARD)";
				ASSETCATALOG_COMPILER_APPICON_NAME = AppIcon;
				ASSETCATALOG_COMPILER_LAUNCHIMAGE_NAME = LaunchImage;
				GCC_PRECOMPILE_PREFIX_HEADER = YES;
				GCC_PREFIX_HEADER = "SOMoviePlayer/SOMoviePlayer-Prefix.pch";
				INFOPLIST_FILE = "SOMoviePlayer/SOMoviePlayer-Info.plist";
				IPHONEOS_DEPLOYMENT_TARGET = 7.0;
				PRODUCT_NAME = "$(TARGET_NAME)";
				SDKROOT = iphoneos;
				WRAPPER_EXTENSION = app;
			};
			name = Release;
		};
		F0AECCFB18B171DC00263C32 /* Debug */ = {
			isa = XCBuildConfiguration;
			buildSettings = {
				ARCHS = "$(ARCHS_STANDARD_INCLUDING_64_BIT)";
				BUNDLE_LOADER = "$(BUILT_PRODUCTS_DIR)/SOMoviePlayer.app/SOMoviePlayer";
				FRAMEWORK_SEARCH_PATHS = (
					"$(SDKROOT)/Developer/Library/Frameworks",
					"$(inherited)",
					"$(DEVELOPER_FRAMEWORKS_DIR)",
				);
				GCC_PRECOMPILE_PREFIX_HEADER = YES;
				GCC_PREFIX_HEADER = "SOMoviePlayer/SOMoviePlayer-Prefix.pch";
				GCC_PREPROCESSOR_DEFINITIONS = (
					"DEBUG=1",
					"$(inherited)",
				);
				INFOPLIST_FILE = "SOMoviePlayerTests/SOMoviePlayerTests-Info.plist";
				PRODUCT_NAME = "$(TARGET_NAME)";
				TEST_HOST = "$(BUNDLE_LOADER)";
				WRAPPER_EXTENSION = xctest;
			};
			name = Debug;
		};
		F0AECCFC18B171DC00263C32 /* Release */ = {
			isa = XCBuildConfiguration;
			buildSettings = {
				ARCHS = "$(ARCHS_STANDARD_INCLUDING_64_BIT)";
				BUNDLE_LOADER = "$(BUILT_PRODUCTS_DIR)/SOMoviePlayer.app/SOMoviePlayer";
				FRAMEWORK_SEARCH_PATHS = (
					"$(SDKROOT)/Developer/Library/Frameworks",
					"$(inherited)",
					"$(DEVELOPER_FRAMEWORKS_DIR)",
				);
				GCC_PRECOMPILE_PREFIX_HEADER = YES;
				GCC_PREFIX_HEADER = "SOMoviePlayer/SOMoviePlayer-Prefix.pch";
				INFOPLIST_FILE = "SOMoviePlayerTests/SOMoviePlayerTests-Info.plist";
				PRODUCT_NAME = "$(TARGET_NAME)";
				TEST_HOST = "$(BUNDLE_LOADER)";
				WRAPPER_EXTENSION = xctest;
			};
			name = Release;
		};
/* End XCBuildConfiguration section */

/* Begin XCConfigurationList section */
		F0AECCBD18B171DB00263C32 /* Build configuration list for PBXProject "SOMoviePlayer" */ = {
			isa = XCConfigurationList;
			buildConfigurations = (
				F0AECCF518B171DC00263C32 /* Debug */,
				F0AECCF618B171DC00263C32 /* Release */,
			);
			defaultConfigurationIsVisible = 0;
			defaultConfigurationName = Release;
		};
		F0AECCF718B171DC00263C32 /* Build configuration list for PBXNativeTarget "SOMoviePlayer" */ = {
			isa = XCConfigurationList;
			buildConfigurations = (
				F0AECCF818B171DC00263C32 /* Debug */,
				F0AECCF918B171DC00263C32 /* Release */,
			);
			defaultConfigurationIsVisible = 0;
			defaultConfigurationName = Release;
		};
		F0AECCFA18B171DC00263C32 /* Build configuration list for PBXNativeTarget "SOMoviePlayerTests" */ = {
			isa = XCConfigurationList;
			buildConfigurations = (
				F0AECCFB18B171DC00263C32 /* Debug */,
				F0AECCFC18B171DC00263C32 /* Release */,
			);
			defaultConfigurationIsVisible = 0;
			defaultConfigurationName = Release;
		};
/* End XCConfigurationList section */
	};
	rootObject = F0AECCBA18B171DB00263C32 /* Project object */;
}
