// !$*UTF8*$!
{
	archiveVersion = 1;
	classes = {
	};
	objectVersion = 46;
	objects = {

/* Begin PBXBuildFile section */
		F022FFE0193BF98F00829C20 /* burstTest.mov in Resources */ = {isa = PBXBuildFile; fileRef = F022FFDB193BF98F00829C20 /* burstTest.mov */; };
		F022FFE1193BF98F00829C20 /* checkTest.mov in Resources */ = {isa = PBXBuildFile; fileRef = F022FFDC193BF98F00829C20 /* checkTest.mov */; };
		F022FFE2193BF98F00829C20 /* noiseTest.mov in Resources */ = {isa = PBXBuildFile; fileRef = F022FFDD193BF98F00829C20 /* noiseTest.mov */; };
		F022FFE3193BF98F00829C20 /* stripeTest.mov in Resources */ = {isa = PBXBuildFile; fileRef = F022FFDE193BF98F00829C20 /* stripeTest.mov */; };
		F022FFE4193BF98F00829C20 /* testsig.m4v in Resources */ = {isa = PBXBuildFile; fileRef = F022FFDF193BF98F00829C20 /* testsig.m4v */; };
		F03392ED19382C4E004FDB33 /* data.json in Resources */ = {isa = PBXBuildFile; fileRef = F03392EC19382C4E004FDB33 /* data.json */; };
		F04417A318BA0C2400572780 /* SONotifications.m in Sources */ = {isa = PBXBuildFile; fileRef = F04417A218BA0C2400572780 /* SONotifications.m */; };
		F04417BC18BC2FA400572780 /* AVFoundation.framework in Frameworks */ = {isa = PBXBuildFile; fileRef = F04417BB18BC2FA400572780 /* AVFoundation.framework */; };
		F04417D518BD1BF400572780 /* AssetsLibrary.framework in Frameworks */ = {isa = PBXBuildFile; fileRef = F04417D418BD1BF400572780 /* AssetsLibrary.framework */; };
		F04417D818BD2D7900572780 /* default.png in Resources */ = {isa = PBXBuildFile; fileRef = F04417D618BD2D7900572780 /* default.png */; };
		F04417D918BD2D7900572780 /* default@2x.png in Resources */ = {isa = PBXBuildFile; fileRef = F04417D718BD2D7900572780 /* default@2x.png */; };
		F068CE941938065A009B9297 /* SOScreenTransport.m in Sources */ = {isa = PBXBuildFile; fileRef = F068CE921938065A009B9297 /* SOScreenTransport.m */; };
		F072F5E819315DBD009EC2F5 /* SOMotionManager.m in Sources */ = {isa = PBXBuildFile; fileRef = F072F5E719315DBD009EC2F5 /* SOMotionManager.m */; };
		F0AECCC618B171DB00263C32 /* Foundation.framework in Frameworks */ = {isa = PBXBuildFile; fileRef = F0AECCC518B171DB00263C32 /* Foundation.framework */; };
		F0AECCC818B171DB00263C32 /* CoreGraphics.framework in Frameworks */ = {isa = PBXBuildFile; fileRef = F0AECCC718B171DB00263C32 /* CoreGraphics.framework */; };
		F0AECCCA18B171DB00263C32 /* UIKit.framework in Frameworks */ = {isa = PBXBuildFile; fileRef = F0AECCC918B171DB00263C32 /* UIKit.framework */; };
		F0AECCD018B171DB00263C32 /* InfoPlist.strings in Resources */ = {isa = PBXBuildFile; fileRef = F0AECCCE18B171DB00263C32 /* InfoPlist.strings */; };
		F0AECCD218B171DB00263C32 /* main.m in Sources */ = {isa = PBXBuildFile; fileRef = F0AECCD118B171DB00263C32 /* main.m */; };
		F0AECCD618B171DB00263C32 /* SOAppDelegate.m in Sources */ = {isa = PBXBuildFile; fileRef = F0AECCD518B171DB00263C32 /* SOAppDelegate.m */; };
		F0AECCD918B171DB00263C32 /* Main.storyboard in Resources */ = {isa = PBXBuildFile; fileRef = F0AECCD718B171DB00263C32 /* Main.storyboard */; };
		F0AECCDC18B171DB00263C32 /* SOMasterViewController.m in Sources */ = {isa = PBXBuildFile; fileRef = F0AECCDB18B171DB00263C32 /* SOMasterViewController.m */; };
		F0AECCDF18B171DC00263C32 /* SODetailViewController.m in Sources */ = {isa = PBXBuildFile; fileRef = F0AECCDE18B171DC00263C32 /* SODetailViewController.m */; };
		F0AECCE118B171DC00263C32 /* Images.xcassets in Resources */ = {isa = PBXBuildFile; fileRef = F0AECCE018B171DC00263C32 /* Images.xcassets */; };
		F0AECCE818B171DC00263C32 /* XCTest.framework in Frameworks */ = {isa = PBXBuildFile; fileRef = F0AECCE718B171DC00263C32 /* XCTest.framework */; };
		F0AECCE918B171DC00263C32 /* Foundation.framework in Frameworks */ = {isa = PBXBuildFile; fileRef = F0AECCC518B171DB00263C32 /* Foundation.framework */; };
		F0AECCEA18B171DC00263C32 /* UIKit.framework in Frameworks */ = {isa = PBXBuildFile; fileRef = F0AECCC918B171DB00263C32 /* UIKit.framework */; };
		F0AECCF218B171DC00263C32 /* InfoPlist.strings in Resources */ = {isa = PBXBuildFile; fileRef = F0AECCF018B171DC00263C32 /* InfoPlist.strings */; };
		F0AECCF418B171DC00263C32 /* SOMoviePlayerTests.m in Sources */ = {isa = PBXBuildFile; fileRef = F0AECCF318B171DC00263C32 /* SOMoviePlayerTests.m */; };
		F0AECD0218B1785500263C32 /* MediaPlayer.framework in Frameworks */ = {isa = PBXBuildFile; fileRef = F0AECD0118B1785500263C32 /* MediaPlayer.framework */; };
		F0AECD0E18B1882B00263C32 /* CoreMotion.framework in Frameworks */ = {isa = PBXBuildFile; fileRef = F0AECD0D18B1882B00263C32 /* CoreMotion.framework */; };
		F0C2DEEF1939F51100EAB7F9 /* SOModelStore.m in Sources */ = {isa = PBXBuildFile; fileRef = F0C2DEEE1939F51100EAB7F9 /* SOModelStore.m */; };
		F0C2DF0D1939FCBC00EAB7F9 /* JSONModel+CoreData.m in Sources */ = {isa = PBXBuildFile; fileRef = F0C2DEF41939FCBC00EAB7F9 /* JSONModel+CoreData.m */; };
		F0C2DF0E1939FCBC00EAB7F9 /* JSONModel.m in Sources */ = {isa = PBXBuildFile; fileRef = F0C2DEF61939FCBC00EAB7F9 /* JSONModel.m */; };
		F0C2DF0F1939FCBC00EAB7F9 /* JSONModelArray.m in Sources */ = {isa = PBXBuildFile; fileRef = F0C2DEF81939FCBC00EAB7F9 /* JSONModelArray.m */; };
		F0C2DF101939FCBC00EAB7F9 /* JSONModelClassProperty.m in Sources */ = {isa = PBXBuildFile; fileRef = F0C2DEFA1939FCBC00EAB7F9 /* JSONModelClassProperty.m */; };
		F0C2DF111939FCBC00EAB7F9 /* JSONModelError.m in Sources */ = {isa = PBXBuildFile; fileRef = F0C2DEFC1939FCBC00EAB7F9 /* JSONModelError.m */; };
		F0C2DF121939FCBC00EAB7F9 /* NSArray+JSONModel.m in Sources */ = {isa = PBXBuildFile; fileRef = F0C2DEFF1939FCBC00EAB7F9 /* NSArray+JSONModel.m */; };
		F0C2DF131939FCBC00EAB7F9 /* JSONAPI.m in Sources */ = {isa = PBXBuildFile; fileRef = F0C2DF031939FCBC00EAB7F9 /* JSONAPI.m */; };
		F0C2DF141939FCBC00EAB7F9 /* JSONHTTPClient.m in Sources */ = {isa = PBXBuildFile; fileRef = F0C2DF051939FCBC00EAB7F9 /* JSONHTTPClient.m */; };
		F0C2DF151939FCBC00EAB7F9 /* JSONModel+networking.m in Sources */ = {isa = PBXBuildFile; fileRef = F0C2DF071939FCBC00EAB7F9 /* JSONModel+networking.m */; };
		F0C2DF161939FCBC00EAB7F9 /* JSONKeyMapper.m in Sources */ = {isa = PBXBuildFile; fileRef = F0C2DF0A1939FCBC00EAB7F9 /* JSONKeyMapper.m */; };
		F0C2DF171939FCBC00EAB7F9 /* JSONValueTransformer.m in Sources */ = {isa = PBXBuildFile; fileRef = F0C2DF0C1939FCBC00EAB7F9 /* JSONValueTransformer.m */; };
		F0C2DF1B1939FD1B00EAB7F9 /* SOCueModel.m in Sources */ = {isa = PBXBuildFile; fileRef = F0C2DF1A1939FD1B00EAB7F9 /* SOCueModel.m */; };
		F0C2DF1E193A005B00EAB7F9 /* SOSessionModel.m in Sources */ = {isa = PBXBuildFile; fileRef = F0C2DF1D193A005B00EAB7F9 /* SOSessionModel.m */; };
		F0E569DB19356A680098F7EB /* FBN CLIP 01_converted.m4v in Resources */ = {isa = PBXBuildFile; fileRef = F0E5699419356A680098F7EB /* FBN CLIP 01_converted.m4v */; };
		F0E569DC19356A680098F7EB /* FBN CLIP 03_converted.m4v in Resources */ = {isa = PBXBuildFile; fileRef = F0E5699519356A680098F7EB /* FBN CLIP 03_converted.m4v */; };
		F0E569DD19356A680098F7EB /* FBN CLIP 05_converted.m4v in Resources */ = {isa = PBXBuildFile; fileRef = F0E5699619356A680098F7EB /* FBN CLIP 05_converted.m4v */; };
		F0E569DE19356A680098F7EB /* FBN CLIP 06_converted.m4v in Resources */ = {isa = PBXBuildFile; fileRef = F0E5699719356A680098F7EB /* FBN CLIP 06_converted.m4v */; };
		F0E569DF19356A680098F7EB /* FBN CLIP 07_converted.m4v in Resources */ = {isa = PBXBuildFile; fileRef = F0E5699819356A680098F7EB /* FBN CLIP 07_converted.m4v */; };
		F0E569E019356A680098F7EB /* FBN CLIP 08_converted.m4v in Resources */ = {isa = PBXBuildFile; fileRef = F0E5699919356A680098F7EB /* FBN CLIP 08_converted.m4v */; };
		F0E569E119356A680098F7EB /* FBN CLIP 09_converted.m4v in Resources */ = {isa = PBXBuildFile; fileRef = F0E5699A19356A680098F7EB /* FBN CLIP 09_converted.m4v */; };
		F0E569E219356A680098F7EB /* FBN CLIP 10_converted.m4v in Resources */ = {isa = PBXBuildFile; fileRef = F0E5699B19356A680098F7EB /* FBN CLIP 10_converted.m4v */; };
		F0E569E319356A680098F7EB /* FBN CLIP 11_converted.m4v in Resources */ = {isa = PBXBuildFile; fileRef = F0E5699C19356A680098F7EB /* FBN CLIP 11_converted.m4v */; };
		F0E569E419356A680098F7EB /* FBN CLIP 12_converted.m4v in Resources */ = {isa = PBXBuildFile; fileRef = F0E5699D19356A680098F7EB /* FBN CLIP 12_converted.m4v */; };
		F0E569E519356A680098F7EB /* FBN CLIP 13_converted.m4v in Resources */ = {isa = PBXBuildFile; fileRef = F0E5699E19356A680098F7EB /* FBN CLIP 13_converted.m4v */; };
		F0E569E619356A680098F7EB /* FBN CLIP 14_converted.m4v in Resources */ = {isa = PBXBuildFile; fileRef = F0E5699F19356A680098F7EB /* FBN CLIP 14_converted.m4v */; };
		F0E569E719356A680098F7EB /* FBN CLIP 15_converted.m4v in Resources */ = {isa = PBXBuildFile; fileRef = F0E569A019356A680098F7EB /* FBN CLIP 15_converted.m4v */; };
		F0E569E819356A680098F7EB /* FBN CLIP 17_converted.m4v in Resources */ = {isa = PBXBuildFile; fileRef = F0E569A119356A680098F7EB /* FBN CLIP 17_converted.m4v */; };
		F0E569E919356A680098F7EB /* FBN CLIP 18_converted.m4v in Resources */ = {isa = PBXBuildFile; fileRef = F0E569A219356A680098F7EB /* FBN CLIP 18_converted.m4v */; };
		F0E569EA19356A680098F7EB /* FBN CLIP 19_converted.m4v in Resources */ = {isa = PBXBuildFile; fileRef = F0E569A319356A680098F7EB /* FBN CLIP 19_converted.m4v */; };
		F0E569EB19356A680098F7EB /* FBN CLIP 20_converted.m4v in Resources */ = {isa = PBXBuildFile; fileRef = F0E569A419356A680098F7EB /* FBN CLIP 20_converted.m4v */; };
		F0E569EC19356A680098F7EB /* FBN CLIP 21_converted.m4v in Resources */ = {isa = PBXBuildFile; fileRef = F0E569A519356A680098F7EB /* FBN CLIP 21_converted.m4v */; };
		F0E569ED19356A680098F7EB /* FBN CLIP 22_converted.m4v in Resources */ = {isa = PBXBuildFile; fileRef = F0E569A619356A680098F7EB /* FBN CLIP 22_converted.m4v */; };
		F0E569EE19356A680098F7EB /* FBN CLIP 23_converted.m4v in Resources */ = {isa = PBXBuildFile; fileRef = F0E569A719356A680098F7EB /* FBN CLIP 23_converted.m4v */; };
		F0E569EF19356A680098F7EB /* FBN CLIP 24_converted.m4v in Resources */ = {isa = PBXBuildFile; fileRef = F0E569A819356A680098F7EB /* FBN CLIP 24_converted.m4v */; };
		F0E569F019356A680098F7EB /* FBN CLIP 25_converted.m4v in Resources */ = {isa = PBXBuildFile; fileRef = F0E569A919356A680098F7EB /* FBN CLIP 25_converted.m4v */; };
		F0E569F119356A680098F7EB /* FBN CLIP 26_converted.m4v in Resources */ = {isa = PBXBuildFile; fileRef = F0E569AA19356A680098F7EB /* FBN CLIP 26_converted.m4v */; };
		F0E569F219356A680098F7EB /* FBN CLIP 27_converted.m4v in Resources */ = {isa = PBXBuildFile; fileRef = F0E569AB19356A680098F7EB /* FBN CLIP 27_converted.m4v */; };
		F0E569F319356A680098F7EB /* FBN CLIP 28_converted.m4v in Resources */ = {isa = PBXBuildFile; fileRef = F0E569AC19356A680098F7EB /* FBN CLIP 28_converted.m4v */; };
		F0E569F419356A680098F7EB /* FBN CLIP 29_converted.m4v in Resources */ = {isa = PBXBuildFile; fileRef = F0E569AD19356A680098F7EB /* FBN CLIP 29_converted.m4v */; };
		F0E569F519356A680098F7EB /* FBN CLIP 30_converted.m4v in Resources */ = {isa = PBXBuildFile; fileRef = F0E569AE19356A680098F7EB /* FBN CLIP 30_converted.m4v */; };
		F0E569F619356A680098F7EB /* FBN CLIP 31_converted.m4v in Resources */ = {isa = PBXBuildFile; fileRef = F0E569AF19356A680098F7EB /* FBN CLIP 31_converted.m4v */; };
		F0E569F719356A680098F7EB /* FBN CLIP 32_converted.m4v in Resources */ = {isa = PBXBuildFile; fileRef = F0E569B019356A680098F7EB /* FBN CLIP 32_converted.m4v */; };
		F0E569F819356A680098F7EB /* FBN CLIP 33_converted.m4v in Resources */ = {isa = PBXBuildFile; fileRef = F0E569B119356A680098F7EB /* FBN CLIP 33_converted.m4v */; };
		F0E569F919356A680098F7EB /* FBN CLIP 34_converted.m4v in Resources */ = {isa = PBXBuildFile; fileRef = F0E569B219356A680098F7EB /* FBN CLIP 34_converted.m4v */; };
		F0E569FA19356A680098F7EB /* FBN CLIP 35_converted.m4v in Resources */ = {isa = PBXBuildFile; fileRef = F0E569B319356A680098F7EB /* FBN CLIP 35_converted.m4v */; };
		F0E569FB19356A680098F7EB /* FBN CLIP 36_converted.m4v in Resources */ = {isa = PBXBuildFile; fileRef = F0E569B419356A680098F7EB /* FBN CLIP 36_converted.m4v */; };
		F0E569FC19356A680098F7EB /* FBN CLIP 37_converted.m4v in Resources */ = {isa = PBXBuildFile; fileRef = F0E569B519356A680098F7EB /* FBN CLIP 37_converted.m4v */; };
		F0E569FD19356A680098F7EB /* FBN CLIP 38_converted.m4v in Resources */ = {isa = PBXBuildFile; fileRef = F0E569B619356A680098F7EB /* FBN CLIP 38_converted.m4v */; };
		F0E569FE19356A680098F7EB /* FBN CLIP 39_converted.m4v in Resources */ = {isa = PBXBuildFile; fileRef = F0E569B719356A680098F7EB /* FBN CLIP 39_converted.m4v */; };
		F0E569FF19356A680098F7EB /* FBN CLIP 40_converted.m4v in Resources */ = {isa = PBXBuildFile; fileRef = F0E569B819356A680098F7EB /* FBN CLIP 40_converted.m4v */; };
		F0E56A0019356A680098F7EB /* FBN CLIP 41_converted.m4v in Resources */ = {isa = PBXBuildFile; fileRef = F0E569B919356A680098F7EB /* FBN CLIP 41_converted.m4v */; };
		F0E56A0119356A680098F7EB /* FBN CLIP 42_converted.m4v in Resources */ = {isa = PBXBuildFile; fileRef = F0E569BA19356A680098F7EB /* FBN CLIP 42_converted.m4v */; };
		F0E56A0219356A680098F7EB /* FBN CLIP 43_converted.m4v in Resources */ = {isa = PBXBuildFile; fileRef = F0E569BB19356A680098F7EB /* FBN CLIP 43_converted.m4v */; };
		F0E56A0319356A680098F7EB /* FBN CLIP 44_converted.m4v in Resources */ = {isa = PBXBuildFile; fileRef = F0E569BC19356A680098F7EB /* FBN CLIP 44_converted.m4v */; };
		F0E56A0419356A680098F7EB /* FBN CLIP 45_converted.m4v in Resources */ = {isa = PBXBuildFile; fileRef = F0E569BD19356A680098F7EB /* FBN CLIP 45_converted.m4v */; };
		F0E56A0519356A680098F7EB /* FBN CLIP 46_converted.m4v in Resources */ = {isa = PBXBuildFile; fileRef = F0E569BE19356A680098F7EB /* FBN CLIP 46_converted.m4v */; };
		F0E56A0619356A680098F7EB /* FBN CLIP 47_converted.m4v in Resources */ = {isa = PBXBuildFile; fileRef = F0E569BF19356A680098F7EB /* FBN CLIP 47_converted.m4v */; };
		F0E56A0719356A680098F7EB /* FBN CLIP 48_converted.m4v in Resources */ = {isa = PBXBuildFile; fileRef = F0E569C019356A680098F7EB /* FBN CLIP 48_converted.m4v */; };
		F0E56A0819356A680098F7EB /* FBN CLIP 49_converted.m4v in Resources */ = {isa = PBXBuildFile; fileRef = F0E569C119356A680098F7EB /* FBN CLIP 49_converted.m4v */; };
		F0E56A0919356A680098F7EB /* FBN CLIP 50_converted.m4v in Resources */ = {isa = PBXBuildFile; fileRef = F0E569C219356A680098F7EB /* FBN CLIP 50_converted.m4v */; };
		F0E56A0A19356A680098F7EB /* FBN CLIP 51_converted.m4v in Resources */ = {isa = PBXBuildFile; fileRef = F0E569C319356A680098F7EB /* FBN CLIP 51_converted.m4v */; };
		F0E56A0B19356A680098F7EB /* FBN CLIP 52_converted.m4v in Resources */ = {isa = PBXBuildFile; fileRef = F0E569C419356A680098F7EB /* FBN CLIP 52_converted.m4v */; };
		F0E56A0C19356A680098F7EB /* FBN CLIP 53_converted.m4v in Resources */ = {isa = PBXBuildFile; fileRef = F0E569C519356A680098F7EB /* FBN CLIP 53_converted.m4v */; };
		F0E56A0D19356A680098F7EB /* FBN CLIP 54_converted.m4v in Resources */ = {isa = PBXBuildFile; fileRef = F0E569C619356A680098F7EB /* FBN CLIP 54_converted.m4v */; };
		F0E56A0E19356A680098F7EB /* FBN CLIP 55_converted.m4v in Resources */ = {isa = PBXBuildFile; fileRef = F0E569C719356A680098F7EB /* FBN CLIP 55_converted.m4v */; };
		F0E56A0F19356A680098F7EB /* FBN CLIP 56_converted.m4v in Resources */ = {isa = PBXBuildFile; fileRef = F0E569C819356A680098F7EB /* FBN CLIP 56_converted.m4v */; };
		F0E56A1019356A680098F7EB /* FBN CLIP 57_converted.m4v in Resources */ = {isa = PBXBuildFile; fileRef = F0E569C919356A680098F7EB /* FBN CLIP 57_converted.m4v */; };
		F0E56A1119356A680098F7EB /* FBN CLIP 58_converted.m4v in Resources */ = {isa = PBXBuildFile; fileRef = F0E569CA19356A680098F7EB /* FBN CLIP 58_converted.m4v */; };
		F0E56A1219356A680098F7EB /* FBN CLIP 59_converted.m4v in Resources */ = {isa = PBXBuildFile; fileRef = F0E569CB19356A680098F7EB /* FBN CLIP 59_converted.m4v */; };
		F0E56A1319356A680098F7EB /* FBN CLIP 60_converted.m4v in Resources */ = {isa = PBXBuildFile; fileRef = F0E569CC19356A680098F7EB /* FBN CLIP 60_converted.m4v */; };
		F0E56A1419356A680098F7EB /* FBN CLIP 61_converted.m4v in Resources */ = {isa = PBXBuildFile; fileRef = F0E569CD19356A680098F7EB /* FBN CLIP 61_converted.m4v */; };
		F0E56A1519356A680098F7EB /* FBN CLIP 62_converted.m4v in Resources */ = {isa = PBXBuildFile; fileRef = F0E569CE19356A680098F7EB /* FBN CLIP 62_converted.m4v */; };
		F0E56A1619356A680098F7EB /* FBN CLIP 63_converted.m4v in Resources */ = {isa = PBXBuildFile; fileRef = F0E569CF19356A680098F7EB /* FBN CLIP 63_converted.m4v */; };
		F0E56A1719356A680098F7EB /* FBN CLIP 64_converted.m4v in Resources */ = {isa = PBXBuildFile; fileRef = F0E569D019356A680098F7EB /* FBN CLIP 64_converted.m4v */; };
		F0E56A1819356A680098F7EB /* FBN CLIP 65_converted.m4v in Resources */ = {isa = PBXBuildFile; fileRef = F0E569D119356A680098F7EB /* FBN CLIP 65_converted.m4v */; };
		F0E56A1919356A680098F7EB /* FBN CLIP 66_converted.m4v in Resources */ = {isa = PBXBuildFile; fileRef = F0E569D219356A680098F7EB /* FBN CLIP 66_converted.m4v */; };
		F0E56A1A19356A680098F7EB /* FBN CLIP 67_converted.m4v in Resources */ = {isa = PBXBuildFile; fileRef = F0E569D319356A680098F7EB /* FBN CLIP 67_converted.m4v */; };
		F0E56A1B19356A680098F7EB /* FBN CLIP 68_converted.m4v in Resources */ = {isa = PBXBuildFile; fileRef = F0E569D419356A680098F7EB /* FBN CLIP 68_converted.m4v */; };
		F0E56A1C19356A680098F7EB /* FBN CLIP 69_converted.m4v in Resources */ = {isa = PBXBuildFile; fileRef = F0E569D519356A680098F7EB /* FBN CLIP 69_converted.m4v */; };
		F0E56A1D19356A680098F7EB /* FBN CLIP 70_converted.m4v in Resources */ = {isa = PBXBuildFile; fileRef = F0E569D619356A680098F7EB /* FBN CLIP 70_converted.m4v */; };
		F0E56A1E19356A680098F7EB /* FBN CLIP 71_converted.m4v in Resources */ = {isa = PBXBuildFile; fileRef = F0E569D719356A680098F7EB /* FBN CLIP 71_converted.m4v */; };
		F0E56A1F19356A680098F7EB /* FBN CLIP 72_converted.m4v in Resources */ = {isa = PBXBuildFile; fileRef = F0E569D819356A680098F7EB /* FBN CLIP 72_converted.m4v */; };
		F0E56A2019356A680098F7EB /* FBN CLIP 73_converted.m4v in Resources */ = {isa = PBXBuildFile; fileRef = F0E569D919356A680098F7EB /* FBN CLIP 73_converted.m4v */; };
		F0E56A2119356A680098F7EB /* FBN CLIP 74_converted.m4v in Resources */ = {isa = PBXBuildFile; fileRef = F0E569DA19356A680098F7EB /* FBN CLIP 74_converted.m4v */; };
		F0FD848A193DE95400F5DD2F /* SOPropertiesViewController.m in Sources */ = {isa = PBXBuildFile; fileRef = F0FD8488193DE95400F5DD2F /* SOPropertiesViewController.m */; };
		F0FD848B193DE95400F5DD2F /* SOPropertiesViewController.xib in Resources */ = {isa = PBXBuildFile; fileRef = F0FD8489193DE95400F5DD2F /* SOPropertiesViewController.xib */; };
		F0FD848F193DFAEA00F5DD2F /* SOFloatPropViewController.m in Sources */ = {isa = PBXBuildFile; fileRef = F0FD848D193DFAEA00F5DD2F /* SOFloatPropViewController.m */; };
		F0FD8490193DFAEA00F5DD2F /* SOFloatPropViewController.xib in Resources */ = {isa = PBXBuildFile; fileRef = F0FD848E193DFAEA00F5DD2F /* SOFloatPropViewController.xib */; };
		F0FE3DEB1944A00D0029DAEF /* dataT.json in Resources */ = {isa = PBXBuildFile; fileRef = F0FE3DEA1944A00D0029DAEF /* dataT.json */; };
		F0FE3DEE1944A1C40029DAEF /* SOFloatTransformer.m in Sources */ = {isa = PBXBuildFile; fileRef = F0FE3DED1944A1C40029DAEF /* SOFloatTransformer.m */; };
		F0FE7405191E3037008B7E45 /* SOScreenView.m in Sources */ = {isa = PBXBuildFile; fileRef = F0FE7404191E3037008B7E45 /* SOScreenView.m */; };
		F0FE740919206C36008B7E45 /* SOScreenViewController.m in Sources */ = {isa = PBXBuildFile; fileRef = F0FE740819206C36008B7E45 /* SOScreenViewController.m */; };
/* End PBXBuildFile section */

/* Begin PBXContainerItemProxy section */
		F0AECCEB18B171DC00263C32 /* PBXContainerItemProxy */ = {
			isa = PBXContainerItemProxy;
			containerPortal = F0AECCBA18B171DB00263C32 /* Project object */;
			proxyType = 1;
			remoteGlobalIDString = F0AECCC118B171DB00263C32;
			remoteInfo = SOMoviePlayer;
		};
/* End PBXContainerItemProxy section */

/* Begin PBXFileReference section */
		F022FFDB193BF98F00829C20 /* burstTest.mov */ = {isa = PBXFileReference; lastKnownFileType = video.quicktime; path = burstTest.mov; sourceTree = "<group>"; };
		F022FFDC193BF98F00829C20 /* checkTest.mov */ = {isa = PBXFileReference; lastKnownFileType = video.quicktime; path = checkTest.mov; sourceTree = "<group>"; };
		F022FFDD193BF98F00829C20 /* noiseTest.mov */ = {isa = PBXFileReference; lastKnownFileType = video.quicktime; path = noiseTest.mov; sourceTree = "<group>"; };
		F022FFDE193BF98F00829C20 /* stripeTest.mov */ = {isa = PBXFileReference; lastKnownFileType = video.quicktime; path = stripeTest.mov; sourceTree = "<group>"; };
		F022FFDF193BF98F00829C20 /* testsig.m4v */ = {isa = PBXFileReference; lastKnownFileType = file; path = testsig.m4v; sourceTree = "<group>"; };
		F03392EC19382C4E004FDB33 /* data.json */ = {isa = PBXFileReference; fileEncoding = 4; lastKnownFileType = text.json; path = data.json; sourceTree = "<group>"; };
		F043DE511922F79C00306847 /* SOScreenViewControllerProtocol.h */ = {isa = PBXFileReference; lastKnownFileType = sourcecode.c.h; path = SOScreenViewControllerProtocol.h; sourceTree = "<group>"; };
		F04417A118BA0C2400572780 /* SONotifications.h */ = {isa = PBXFileReference; fileEncoding = 4; lastKnownFileType = sourcecode.c.h; path = SONotifications.h; sourceTree = "<group>"; };
		F04417A218BA0C2400572780 /* SONotifications.m */ = {isa = PBXFileReference; fileEncoding = 4; lastKnownFileType = sourcecode.c.objc; path = SONotifications.m; sourceTree = "<group>"; };
		F04417BB18BC2FA400572780 /* AVFoundation.framework */ = {isa = PBXFileReference; lastKnownFileType = wrapper.framework; name = AVFoundation.framework; path = System/Library/Frameworks/AVFoundation.framework; sourceTree = SDKROOT; };
		F04417D418BD1BF400572780 /* AssetsLibrary.framework */ = {isa = PBXFileReference; lastKnownFileType = wrapper.framework; name = AssetsLibrary.framework; path = System/Library/Frameworks/AssetsLibrary.framework; sourceTree = SDKROOT; };
		F04417D618BD2D7900572780 /* default.png */ = {isa = PBXFileReference; lastKnownFileType = image.png; path = default.png; sourceTree = "<group>"; };
		F04417D718BD2D7900572780 /* default@2x.png */ = {isa = PBXFileReference; lastKnownFileType = image.png; path = "default@2x.png"; sourceTree = "<group>"; };
		F068CE911938065A009B9297 /* SOScreenTransport.h */ = {isa = PBXFileReference; fileEncoding = 4; lastKnownFileType = sourcecode.c.h; path = SOScreenTransport.h; sourceTree = "<group>"; };
		F068CE921938065A009B9297 /* SOScreenTransport.m */ = {isa = PBXFileReference; fileEncoding = 4; lastKnownFileType = sourcecode.c.objc; path = SOScreenTransport.m; sourceTree = "<group>"; };
		F072F5E619315DBD009EC2F5 /* SOMotionManager.h */ = {isa = PBXFileReference; fileEncoding = 4; lastKnownFileType = sourcecode.c.h; path = SOMotionManager.h; sourceTree = "<group>"; };
		F072F5E719315DBD009EC2F5 /* SOMotionManager.m */ = {isa = PBXFileReference; fileEncoding = 4; lastKnownFileType = sourcecode.c.objc; path = SOMotionManager.m; sourceTree = "<group>"; };
		F0AECCC218B171DB00263C32 /* SOMoviePlayer.app */ = {isa = PBXFileReference; explicitFileType = wrapper.application; includeInIndex = 0; path = SOMoviePlayer.app; sourceTree = BUILT_PRODUCTS_DIR; };
		F0AECCC518B171DB00263C32 /* Foundation.framework */ = {isa = PBXFileReference; lastKnownFileType = wrapper.framework; name = Foundation.framework; path = System/Library/Frameworks/Foundation.framework; sourceTree = SDKROOT; };
		F0AECCC718B171DB00263C32 /* CoreGraphics.framework */ = {isa = PBXFileReference; lastKnownFileType = wrapper.framework; name = CoreGraphics.framework; path = System/Library/Frameworks/CoreGraphics.framework; sourceTree = SDKROOT; };
		F0AECCC918B171DB00263C32 /* UIKit.framework */ = {isa = PBXFileReference; lastKnownFileType = wrapper.framework; name = UIKit.framework; path = System/Library/Frameworks/UIKit.framework; sourceTree = SDKROOT; };
		F0AECCCD18B171DB00263C32 /* SOMoviePlayer-Info.plist */ = {isa = PBXFileReference; lastKnownFileType = text.plist.xml; path = "SOMoviePlayer-Info.plist"; sourceTree = "<group>"; };
		F0AECCCF18B171DB00263C32 /* en */ = {isa = PBXFileReference; lastKnownFileType = text.plist.strings; name = en; path = en.lproj/InfoPlist.strings; sourceTree = "<group>"; };
		F0AECCD118B171DB00263C32 /* main.m */ = {isa = PBXFileReference; lastKnownFileType = sourcecode.c.objc; path = main.m; sourceTree = "<group>"; };
		F0AECCD318B171DB00263C32 /* SOMoviePlayer-Prefix.pch */ = {isa = PBXFileReference; lastKnownFileType = sourcecode.c.h; path = "SOMoviePlayer-Prefix.pch"; sourceTree = "<group>"; };
		F0AECCD418B171DB00263C32 /* SOAppDelegate.h */ = {isa = PBXFileReference; lastKnownFileType = sourcecode.c.h; path = SOAppDelegate.h; sourceTree = "<group>"; };
		F0AECCD518B171DB00263C32 /* SOAppDelegate.m */ = {isa = PBXFileReference; lastKnownFileType = sourcecode.c.objc; path = SOAppDelegate.m; sourceTree = "<group>"; };
		F0AECCD818B171DB00263C32 /* Base */ = {isa = PBXFileReference; lastKnownFileType = file.storyboard; name = Base; path = Base.lproj/Main.storyboard; sourceTree = "<group>"; };
		F0AECCDA18B171DB00263C32 /* SOMasterViewController.h */ = {isa = PBXFileReference; lastKnownFileType = sourcecode.c.h; path = SOMasterViewController.h; sourceTree = "<group>"; };
		F0AECCDB18B171DB00263C32 /* SOMasterViewController.m */ = {isa = PBXFileReference; lastKnownFileType = sourcecode.c.objc; path = SOMasterViewController.m; sourceTree = "<group>"; };
		F0AECCDD18B171DB00263C32 /* SODetailViewController.h */ = {isa = PBXFileReference; lastKnownFileType = sourcecode.c.h; path = SODetailViewController.h; sourceTree = "<group>"; };
		F0AECCDE18B171DC00263C32 /* SODetailViewController.m */ = {isa = PBXFileReference; lastKnownFileType = sourcecode.c.objc; path = SODetailViewController.m; sourceTree = "<group>"; };
		F0AECCE018B171DC00263C32 /* Images.xcassets */ = {isa = PBXFileReference; lastKnownFileType = folder.assetcatalog; path = Images.xcassets; sourceTree = "<group>"; };
		F0AECCE618B171DC00263C32 /* SOMoviePlayerTests.xctest */ = {isa = PBXFileReference; explicitFileType = wrapper.cfbundle; includeInIndex = 0; path = SOMoviePlayerTests.xctest; sourceTree = BUILT_PRODUCTS_DIR; };
		F0AECCE718B171DC00263C32 /* XCTest.framework */ = {isa = PBXFileReference; lastKnownFileType = wrapper.framework; name = XCTest.framework; path = Library/Frameworks/XCTest.framework; sourceTree = DEVELOPER_DIR; };
		F0AECCEF18B171DC00263C32 /* SOMoviePlayerTests-Info.plist */ = {isa = PBXFileReference; lastKnownFileType = text.plist.xml; path = "SOMoviePlayerTests-Info.plist"; sourceTree = "<group>"; };
		F0AECCF118B171DC00263C32 /* en */ = {isa = PBXFileReference; lastKnownFileType = text.plist.strings; name = en; path = en.lproj/InfoPlist.strings; sourceTree = "<group>"; };
		F0AECCF318B171DC00263C32 /* SOMoviePlayerTests.m */ = {isa = PBXFileReference; lastKnownFileType = sourcecode.c.objc; path = SOMoviePlayerTests.m; sourceTree = "<group>"; };
		F0AECD0118B1785500263C32 /* MediaPlayer.framework */ = {isa = PBXFileReference; lastKnownFileType = wrapper.framework; name = MediaPlayer.framework; path = System/Library/Frameworks/MediaPlayer.framework; sourceTree = SDKROOT; };
		F0AECD0D18B1882B00263C32 /* CoreMotion.framework */ = {isa = PBXFileReference; lastKnownFileType = wrapper.framework; name = CoreMotion.framework; path = System/Library/Frameworks/CoreMotion.framework; sourceTree = SDKROOT; };
		F0C2DEED1939F51100EAB7F9 /* SOModelStore.h */ = {isa = PBXFileReference; fileEncoding = 4; lastKnownFileType = sourcecode.c.h; path = SOModelStore.h; sourceTree = "<group>"; };
		F0C2DEEE1939F51100EAB7F9 /* SOModelStore.m */ = {isa = PBXFileReference; fileEncoding = 4; lastKnownFileType = sourcecode.c.objc; path = SOModelStore.m; sourceTree = "<group>"; };
		F0C2DEF31939FCBC00EAB7F9 /* JSONModel+CoreData.h */ = {isa = PBXFileReference; fileEncoding = 4; lastKnownFileType = sourcecode.c.h; path = "JSONModel+CoreData.h"; sourceTree = "<group>"; };
		F0C2DEF41939FCBC00EAB7F9 /* JSONModel+CoreData.m */ = {isa = PBXFileReference; fileEncoding = 4; lastKnownFileType = sourcecode.c.objc; path = "JSONModel+CoreData.m"; sourceTree = "<group>"; };
		F0C2DEF51939FCBC00EAB7F9 /* JSONModel.h */ = {isa = PBXFileReference; fileEncoding = 4; lastKnownFileType = sourcecode.c.h; path = JSONModel.h; sourceTree = "<group>"; };
		F0C2DEF61939FCBC00EAB7F9 /* JSONModel.m */ = {isa = PBXFileReference; fileEncoding = 4; lastKnownFileType = sourcecode.c.objc; path = JSONModel.m; sourceTree = "<group>"; };
		F0C2DEF71939FCBC00EAB7F9 /* JSONModelArray.h */ = {isa = PBXFileReference; fileEncoding = 4; lastKnownFileType = sourcecode.c.h; path = JSONModelArray.h; sourceTree = "<group>"; };
		F0C2DEF81939FCBC00EAB7F9 /* JSONModelArray.m */ = {isa = PBXFileReference; fileEncoding = 4; lastKnownFileType = sourcecode.c.objc; path = JSONModelArray.m; sourceTree = "<group>"; };
		F0C2DEF91939FCBC00EAB7F9 /* JSONModelClassProperty.h */ = {isa = PBXFileReference; fileEncoding = 4; lastKnownFileType = sourcecode.c.h; path = JSONModelClassProperty.h; sourceTree = "<group>"; };
		F0C2DEFA1939FCBC00EAB7F9 /* JSONModelClassProperty.m */ = {isa = PBXFileReference; fileEncoding = 4; lastKnownFileType = sourcecode.c.objc; path = JSONModelClassProperty.m; sourceTree = "<group>"; };
		F0C2DEFB1939FCBC00EAB7F9 /* JSONModelError.h */ = {isa = PBXFileReference; fileEncoding = 4; lastKnownFileType = sourcecode.c.h; path = JSONModelError.h; sourceTree = "<group>"; };
		F0C2DEFC1939FCBC00EAB7F9 /* JSONModelError.m */ = {isa = PBXFileReference; fileEncoding = 4; lastKnownFileType = sourcecode.c.objc; path = JSONModelError.m; sourceTree = "<group>"; };
		F0C2DEFE1939FCBC00EAB7F9 /* NSArray+JSONModel.h */ = {isa = PBXFileReference; fileEncoding = 4; lastKnownFileType = sourcecode.c.h; path = "NSArray+JSONModel.h"; sourceTree = "<group>"; };
		F0C2DEFF1939FCBC00EAB7F9 /* NSArray+JSONModel.m */ = {isa = PBXFileReference; fileEncoding = 4; lastKnownFileType = sourcecode.c.objc; path = "NSArray+JSONModel.m"; sourceTree = "<group>"; };
		F0C2DF001939FCBC00EAB7F9 /* JSONModelLib.h */ = {isa = PBXFileReference; fileEncoding = 4; lastKnownFileType = sourcecode.c.h; path = JSONModelLib.h; sourceTree = "<group>"; };
		F0C2DF021939FCBC00EAB7F9 /* JSONAPI.h */ = {isa = PBXFileReference; fileEncoding = 4; lastKnownFileType = sourcecode.c.h; path = JSONAPI.h; sourceTree = "<group>"; };
		F0C2DF031939FCBC00EAB7F9 /* JSONAPI.m */ = {isa = PBXFileReference; fileEncoding = 4; lastKnownFileType = sourcecode.c.objc; path = JSONAPI.m; sourceTree = "<group>"; };
		F0C2DF041939FCBC00EAB7F9 /* JSONHTTPClient.h */ = {isa = PBXFileReference; fileEncoding = 4; lastKnownFileType = sourcecode.c.h; path = JSONHTTPClient.h; sourceTree = "<group>"; };
		F0C2DF051939FCBC00EAB7F9 /* JSONHTTPClient.m */ = {isa = PBXFileReference; fileEncoding = 4; lastKnownFileType = sourcecode.c.objc; path = JSONHTTPClient.m; sourceTree = "<group>"; };
		F0C2DF061939FCBC00EAB7F9 /* JSONModel+networking.h */ = {isa = PBXFileReference; fileEncoding = 4; lastKnownFileType = sourcecode.c.h; path = "JSONModel+networking.h"; sourceTree = "<group>"; };
		F0C2DF071939FCBC00EAB7F9 /* JSONModel+networking.m */ = {isa = PBXFileReference; fileEncoding = 4; lastKnownFileType = sourcecode.c.objc; path = "JSONModel+networking.m"; sourceTree = "<group>"; };
		F0C2DF091939FCBC00EAB7F9 /* JSONKeyMapper.h */ = {isa = PBXFileReference; fileEncoding = 4; lastKnownFileType = sourcecode.c.h; path = JSONKeyMapper.h; sourceTree = "<group>"; };
		F0C2DF0A1939FCBC00EAB7F9 /* JSONKeyMapper.m */ = {isa = PBXFileReference; fileEncoding = 4; lastKnownFileType = sourcecode.c.objc; path = JSONKeyMapper.m; sourceTree = "<group>"; };
		F0C2DF0B1939FCBC00EAB7F9 /* JSONValueTransformer.h */ = {isa = PBXFileReference; fileEncoding = 4; lastKnownFileType = sourcecode.c.h; path = JSONValueTransformer.h; sourceTree = "<group>"; };
		F0C2DF0C1939FCBC00EAB7F9 /* JSONValueTransformer.m */ = {isa = PBXFileReference; fileEncoding = 4; lastKnownFileType = sourcecode.c.objc; path = JSONValueTransformer.m; sourceTree = "<group>"; };
		F0C2DF191939FD1B00EAB7F9 /* SOCueModel.h */ = {isa = PBXFileReference; fileEncoding = 4; lastKnownFileType = sourcecode.c.h; path = SOCueModel.h; sourceTree = "<group>"; };
		F0C2DF1A1939FD1B00EAB7F9 /* SOCueModel.m */ = {isa = PBXFileReference; fileEncoding = 4; lastKnownFileType = sourcecode.c.objc; path = SOCueModel.m; sourceTree = "<group>"; };
		F0C2DF1C193A005B00EAB7F9 /* SOSessionModel.h */ = {isa = PBXFileReference; fileEncoding = 4; lastKnownFileType = sourcecode.c.h; path = SOSessionModel.h; sourceTree = "<group>"; };
		F0C2DF1D193A005B00EAB7F9 /* SOSessionModel.m */ = {isa = PBXFileReference; fileEncoding = 4; lastKnownFileType = sourcecode.c.objc; path = SOSessionModel.m; sourceTree = "<group>"; };
		F0E5699419356A680098F7EB /* FBN CLIP 01_converted.m4v */ = {isa = PBXFileReference; lastKnownFileType = file; path = "FBN CLIP 01_converted.m4v"; sourceTree = "<group>"; };
		F0E5699519356A680098F7EB /* FBN CLIP 03_converted.m4v */ = {isa = PBXFileReference; lastKnownFileType = file; path = "FBN CLIP 03_converted.m4v"; sourceTree = "<group>"; };
		F0E5699619356A680098F7EB /* FBN CLIP 05_converted.m4v */ = {isa = PBXFileReference; lastKnownFileType = file; path = "FBN CLIP 05_converted.m4v"; sourceTree = "<group>"; };
		F0E5699719356A680098F7EB /* FBN CLIP 06_converted.m4v */ = {isa = PBXFileReference; lastKnownFileType = file; path = "FBN CLIP 06_converted.m4v"; sourceTree = "<group>"; };
		F0E5699819356A680098F7EB /* FBN CLIP 07_converted.m4v */ = {isa = PBXFileReference; lastKnownFileType = file; path = "FBN CLIP 07_converted.m4v"; sourceTree = "<group>"; };
		F0E5699919356A680098F7EB /* FBN CLIP 08_converted.m4v */ = {isa = PBXFileReference; lastKnownFileType = file; path = "FBN CLIP 08_converted.m4v"; sourceTree = "<group>"; };
		F0E5699A19356A680098F7EB /* FBN CLIP 09_converted.m4v */ = {isa = PBXFileReference; lastKnownFileType = file; path = "FBN CLIP 09_converted.m4v"; sourceTree = "<group>"; };
		F0E5699B19356A680098F7EB /* FBN CLIP 10_converted.m4v */ = {isa = PBXFileReference; lastKnownFileType = file; path = "FBN CLIP 10_converted.m4v"; sourceTree = "<group>"; };
		F0E5699C19356A680098F7EB /* FBN CLIP 11_converted.m4v */ = {isa = PBXFileReference; lastKnownFileType = file; path = "FBN CLIP 11_converted.m4v"; sourceTree = "<group>"; };
		F0E5699D19356A680098F7EB /* FBN CLIP 12_converted.m4v */ = {isa = PBXFileReference; lastKnownFileType = file; path = "FBN CLIP 12_converted.m4v"; sourceTree = "<group>"; };
		F0E5699E19356A680098F7EB /* FBN CLIP 13_converted.m4v */ = {isa = PBXFileReference; lastKnownFileType = file; path = "FBN CLIP 13_converted.m4v"; sourceTree = "<group>"; };
		F0E5699F19356A680098F7EB /* FBN CLIP 14_converted.m4v */ = {isa = PBXFileReference; lastKnownFileType = file; path = "FBN CLIP 14_converted.m4v"; sourceTree = "<group>"; };
		F0E569A019356A680098F7EB /* FBN CLIP 15_converted.m4v */ = {isa = PBXFileReference; lastKnownFileType = file; path = "FBN CLIP 15_converted.m4v"; sourceTree = "<group>"; };
		F0E569A119356A680098F7EB /* FBN CLIP 17_converted.m4v */ = {isa = PBXFileReference; lastKnownFileType = file; path = "FBN CLIP 17_converted.m4v"; sourceTree = "<group>"; };
		F0E569A219356A680098F7EB /* FBN CLIP 18_converted.m4v */ = {isa = PBXFileReference; lastKnownFileType = file; path = "FBN CLIP 18_converted.m4v"; sourceTree = "<group>"; };
		F0E569A319356A680098F7EB /* FBN CLIP 19_converted.m4v */ = {isa = PBXFileReference; lastKnownFileType = file; path = "FBN CLIP 19_converted.m4v"; sourceTree = "<group>"; };
		F0E569A419356A680098F7EB /* FBN CLIP 20_converted.m4v */ = {isa = PBXFileReference; lastKnownFileType = file; path = "FBN CLIP 20_converted.m4v"; sourceTree = "<group>"; };
		F0E569A519356A680098F7EB /* FBN CLIP 21_converted.m4v */ = {isa = PBXFileReference; lastKnownFileType = file; path = "FBN CLIP 21_converted.m4v"; sourceTree = "<group>"; };
		F0E569A619356A680098F7EB /* FBN CLIP 22_converted.m4v */ = {isa = PBXFileReference; lastKnownFileType = file; path = "FBN CLIP 22_converted.m4v"; sourceTree = "<group>"; };
		F0E569A719356A680098F7EB /* FBN CLIP 23_converted.m4v */ = {isa = PBXFileReference; lastKnownFileType = file; path = "FBN CLIP 23_converted.m4v"; sourceTree = "<group>"; };
		F0E569A819356A680098F7EB /* FBN CLIP 24_converted.m4v */ = {isa = PBXFileReference; lastKnownFileType = file; path = "FBN CLIP 24_converted.m4v"; sourceTree = "<group>"; };
		F0E569A919356A680098F7EB /* FBN CLIP 25_converted.m4v */ = {isa = PBXFileReference; lastKnownFileType = file; path = "FBN CLIP 25_converted.m4v"; sourceTree = "<group>"; };
		F0E569AA19356A680098F7EB /* FBN CLIP 26_converted.m4v */ = {isa = PBXFileReference; lastKnownFileType = file; path = "FBN CLIP 26_converted.m4v"; sourceTree = "<group>"; };
		F0E569AB19356A680098F7EB /* FBN CLIP 27_converted.m4v */ = {isa = PBXFileReference; lastKnownFileType = file; path = "FBN CLIP 27_converted.m4v"; sourceTree = "<group>"; };
		F0E569AC19356A680098F7EB /* FBN CLIP 28_converted.m4v */ = {isa = PBXFileReference; lastKnownFileType = file; path = "FBN CLIP 28_converted.m4v"; sourceTree = "<group>"; };
		F0E569AD19356A680098F7EB /* FBN CLIP 29_converted.m4v */ = {isa = PBXFileReference; lastKnownFileType = file; path = "FBN CLIP 29_converted.m4v"; sourceTree = "<group>"; };
		F0E569AE19356A680098F7EB /* FBN CLIP 30_converted.m4v */ = {isa = PBXFileReference; lastKnownFileType = file; path = "FBN CLIP 30_converted.m4v"; sourceTree = "<group>"; };
		F0E569AF19356A680098F7EB /* FBN CLIP 31_converted.m4v */ = {isa = PBXFileReference; lastKnownFileType = file; path = "FBN CLIP 31_converted.m4v"; sourceTree = "<group>"; };
		F0E569B019356A680098F7EB /* FBN CLIP 32_converted.m4v */ = {isa = PBXFileReference; lastKnownFileType = file; path = "FBN CLIP 32_converted.m4v"; sourceTree = "<group>"; };
		F0E569B119356A680098F7EB /* FBN CLIP 33_converted.m4v */ = {isa = PBXFileReference; lastKnownFileType = file; path = "FBN CLIP 33_converted.m4v"; sourceTree = "<group>"; };
		F0E569B219356A680098F7EB /* FBN CLIP 34_converted.m4v */ = {isa = PBXFileReference; lastKnownFileType = file; path = "FBN CLIP 34_converted.m4v"; sourceTree = "<group>"; };
		F0E569B319356A680098F7EB /* FBN CLIP 35_converted.m4v */ = {isa = PBXFileReference; lastKnownFileType = file; path = "FBN CLIP 35_converted.m4v"; sourceTree = "<group>"; };
		F0E569B419356A680098F7EB /* FBN CLIP 36_converted.m4v */ = {isa = PBXFileReference; lastKnownFileType = file; path = "FBN CLIP 36_converted.m4v"; sourceTree = "<group>"; };
		F0E569B519356A680098F7EB /* FBN CLIP 37_converted.m4v */ = {isa = PBXFileReference; lastKnownFileType = file; path = "FBN CLIP 37_converted.m4v"; sourceTree = "<group>"; };
		F0E569B619356A680098F7EB /* FBN CLIP 38_converted.m4v */ = {isa = PBXFileReference; lastKnownFileType = file; path = "FBN CLIP 38_converted.m4v"; sourceTree = "<group>"; };
		F0E569B719356A680098F7EB /* FBN CLIP 39_converted.m4v */ = {isa = PBXFileReference; lastKnownFileType = file; path = "FBN CLIP 39_converted.m4v"; sourceTree = "<group>"; };
		F0E569B819356A680098F7EB /* FBN CLIP 40_converted.m4v */ = {isa = PBXFileReference; lastKnownFileType = file; path = "FBN CLIP 40_converted.m4v"; sourceTree = "<group>"; };
		F0E569B919356A680098F7EB /* FBN CLIP 41_converted.m4v */ = {isa = PBXFileReference; lastKnownFileType = file; path = "FBN CLIP 41_converted.m4v"; sourceTree = "<group>"; };
		F0E569BA19356A680098F7EB /* FBN CLIP 42_converted.m4v */ = {isa = PBXFileReference; lastKnownFileType = file; path = "FBN CLIP 42_converted.m4v"; sourceTree = "<group>"; };
		F0E569BB19356A680098F7EB /* FBN CLIP 43_converted.m4v */ = {isa = PBXFileReference; lastKnownFileType = file; path = "FBN CLIP 43_converted.m4v"; sourceTree = "<group>"; };
		F0E569BC19356A680098F7EB /* FBN CLIP 44_converted.m4v */ = {isa = PBXFileReference; lastKnownFileType = file; path = "FBN CLIP 44_converted.m4v"; sourceTree = "<group>"; };
		F0E569BD19356A680098F7EB /* FBN CLIP 45_converted.m4v */ = {isa = PBXFileReference; lastKnownFileType = file; path = "FBN CLIP 45_converted.m4v"; sourceTree = "<group>"; };
		F0E569BE19356A680098F7EB /* FBN CLIP 46_converted.m4v */ = {isa = PBXFileReference; lastKnownFileType = file; path = "FBN CLIP 46_converted.m4v"; sourceTree = "<group>"; };
		F0E569BF19356A680098F7EB /* FBN CLIP 47_converted.m4v */ = {isa = PBXFileReference; lastKnownFileType = file; path = "FBN CLIP 47_converted.m4v"; sourceTree = "<group>"; };
		F0E569C019356A680098F7EB /* FBN CLIP 48_converted.m4v */ = {isa = PBXFileReference; lastKnownFileType = file; path = "FBN CLIP 48_converted.m4v"; sourceTree = "<group>"; };
		F0E569C119356A680098F7EB /* FBN CLIP 49_converted.m4v */ = {isa = PBXFileReference; lastKnownFileType = file; path = "FBN CLIP 49_converted.m4v"; sourceTree = "<group>"; };
		F0E569C219356A680098F7EB /* FBN CLIP 50_converted.m4v */ = {isa = PBXFileReference; lastKnownFileType = file; path = "FBN CLIP 50_converted.m4v"; sourceTree = "<group>"; };
		F0E569C319356A680098F7EB /* FBN CLIP 51_converted.m4v */ = {isa = PBXFileReference; lastKnownFileType = file; path = "FBN CLIP 51_converted.m4v"; sourceTree = "<group>"; };
		F0E569C419356A680098F7EB /* FBN CLIP 52_converted.m4v */ = {isa = PBXFileReference; lastKnownFileType = file; path = "FBN CLIP 52_converted.m4v"; sourceTree = "<group>"; };
		F0E569C519356A680098F7EB /* FBN CLIP 53_converted.m4v */ = {isa = PBXFileReference; lastKnownFileType = file; path = "FBN CLIP 53_converted.m4v"; sourceTree = "<group>"; };
		F0E569C619356A680098F7EB /* FBN CLIP 54_converted.m4v */ = {isa = PBXFileReference; lastKnownFileType = file; path = "FBN CLIP 54_converted.m4v"; sourceTree = "<group>"; };
		F0E569C719356A680098F7EB /* FBN CLIP 55_converted.m4v */ = {isa = PBXFileReference; lastKnownFileType = file; path = "FBN CLIP 55_converted.m4v"; sourceTree = "<group>"; };
		F0E569C819356A680098F7EB /* FBN CLIP 56_converted.m4v */ = {isa = PBXFileReference; lastKnownFileType = file; path = "FBN CLIP 56_converted.m4v"; sourceTree = "<group>"; };
		F0E569C919356A680098F7EB /* FBN CLIP 57_converted.m4v */ = {isa = PBXFileReference; lastKnownFileType = file; path = "FBN CLIP 57_converted.m4v"; sourceTree = "<group>"; };
		F0E569CA19356A680098F7EB /* FBN CLIP 58_converted.m4v */ = {isa = PBXFileReference; lastKnownFileType = file; path = "FBN CLIP 58_converted.m4v"; sourceTree = "<group>"; };
		F0E569CB19356A680098F7EB /* FBN CLIP 59_converted.m4v */ = {isa = PBXFileReference; lastKnownFileType = file; path = "FBN CLIP 59_converted.m4v"; sourceTree = "<group>"; };
		F0E569CC19356A680098F7EB /* FBN CLIP 60_converted.m4v */ = {isa = PBXFileReference; lastKnownFileType = file; path = "FBN CLIP 60_converted.m4v"; sourceTree = "<group>"; };
		F0E569CD19356A680098F7EB /* FBN CLIP 61_converted.m4v */ = {isa = PBXFileReference; lastKnownFileType = file; path = "FBN CLIP 61_converted.m4v"; sourceTree = "<group>"; };
		F0E569CE19356A680098F7EB /* FBN CLIP 62_converted.m4v */ = {isa = PBXFileReference; lastKnownFileType = file; path = "FBN CLIP 62_converted.m4v"; sourceTree = "<group>"; };
		F0E569CF19356A680098F7EB /* FBN CLIP 63_converted.m4v */ = {isa = PBXFileReference; lastKnownFileType = file; path = "FBN CLIP 63_converted.m4v"; sourceTree = "<group>"; };
		F0E569D019356A680098F7EB /* FBN CLIP 64_converted.m4v */ = {isa = PBXFileReference; lastKnownFileType = file; path = "FBN CLIP 64_converted.m4v"; sourceTree = "<group>"; };
		F0E569D119356A680098F7EB /* FBN CLIP 65_converted.m4v */ = {isa = PBXFileReference; lastKnownFileType = file; path = "FBN CLIP 65_converted.m4v"; sourceTree = "<group>"; };
		F0E569D219356A680098F7EB /* FBN CLIP 66_converted.m4v */ = {isa = PBXFileReference; lastKnownFileType = file; path = "FBN CLIP 66_converted.m4v"; sourceTree = "<group>"; };
		F0E569D319356A680098F7EB /* FBN CLIP 67_converted.m4v */ = {isa = PBXFileReference; lastKnownFileType = file; path = "FBN CLIP 67_converted.m4v"; sourceTree = "<group>"; };
		F0E569D419356A680098F7EB /* FBN CLIP 68_converted.m4v */ = {isa = PBXFileReference; lastKnownFileType = file; path = "FBN CLIP 68_converted.m4v"; sourceTree = "<group>"; };
		F0E569D519356A680098F7EB /* FBN CLIP 69_converted.m4v */ = {isa = PBXFileReference; lastKnownFileType = file; path = "FBN CLIP 69_converted.m4v"; sourceTree = "<group>"; };
		F0E569D619356A680098F7EB /* FBN CLIP 70_converted.m4v */ = {isa = PBXFileReference; lastKnownFileType = file; path = "FBN CLIP 70_converted.m4v"; sourceTree = "<group>"; };
		F0E569D719356A680098F7EB /* FBN CLIP 71_converted.m4v */ = {isa = PBXFileReference; lastKnownFileType = file; path = "FBN CLIP 71_converted.m4v"; sourceTree = "<group>"; };
		F0E569D819356A680098F7EB /* FBN CLIP 72_converted.m4v */ = {isa = PBXFileReference; lastKnownFileType = file; path = "FBN CLIP 72_converted.m4v"; sourceTree = "<group>"; };
		F0E569D919356A680098F7EB /* FBN CLIP 73_converted.m4v */ = {isa = PBXFileReference; lastKnownFileType = file; path = "FBN CLIP 73_converted.m4v"; sourceTree = "<group>"; };
		F0E569DA19356A680098F7EB /* FBN CLIP 74_converted.m4v */ = {isa = PBXFileReference; lastKnownFileType = file; path = "FBN CLIP 74_converted.m4v"; sourceTree = "<group>"; };
		F0FD8487193DE95400F5DD2F /* SOPropertiesViewController.h */ = {isa = PBXFileReference; fileEncoding = 4; lastKnownFileType = sourcecode.c.h; path = SOPropertiesViewController.h; sourceTree = "<group>"; };
		F0FD8488193DE95400F5DD2F /* SOPropertiesViewController.m */ = {isa = PBXFileReference; fileEncoding = 4; lastKnownFileType = sourcecode.c.objc; path = SOPropertiesViewController.m; sourceTree = "<group>"; };
		F0FD8489193DE95400F5DD2F /* SOPropertiesViewController.xib */ = {isa = PBXFileReference; fileEncoding = 4; lastKnownFileType = file.xib; path = SOPropertiesViewController.xib; sourceTree = "<group>"; };
		F0FD848C193DFAEA00F5DD2F /* SOFloatPropViewController.h */ = {isa = PBXFileReference; fileEncoding = 4; lastKnownFileType = sourcecode.c.h; path = SOFloatPropViewController.h; sourceTree = "<group>"; };
		F0FD848D193DFAEA00F5DD2F /* SOFloatPropViewController.m */ = {isa = PBXFileReference; fileEncoding = 4; lastKnownFileType = sourcecode.c.objc; path = SOFloatPropViewController.m; sourceTree = "<group>"; };
		F0FD848E193DFAEA00F5DD2F /* SOFloatPropViewController.xib */ = {isa = PBXFileReference; fileEncoding = 4; lastKnownFileType = file.xib; path = SOFloatPropViewController.xib; sourceTree = "<group>"; };
		F0FE3DEA1944A00D0029DAEF /* dataT.json */ = {isa = PBXFileReference; fileEncoding = 4; lastKnownFileType = text.json; path = dataT.json; sourceTree = "<group>"; };
		F0FE3DEC1944A1C40029DAEF /* SOFloatTransformer.h */ = {isa = PBXFileReference; fileEncoding = 4; lastKnownFileType = sourcecode.c.h; path = SOFloatTransformer.h; sourceTree = "<group>"; };
		F0FE3DED1944A1C40029DAEF /* SOFloatTransformer.m */ = {isa = PBXFileReference; fileEncoding = 4; lastKnownFileType = sourcecode.c.objc; path = SOFloatTransformer.m; sourceTree = "<group>"; };
		F0FE7403191E3037008B7E45 /* SOScreenView.h */ = {isa = PBXFileReference; fileEncoding = 4; lastKnownFileType = sourcecode.c.h; path = SOScreenView.h; sourceTree = "<group>"; };
		F0FE7404191E3037008B7E45 /* SOScreenView.m */ = {isa = PBXFileReference; fileEncoding = 4; lastKnownFileType = sourcecode.c.objc; path = SOScreenView.m; sourceTree = "<group>"; };
		F0FE740719206C36008B7E45 /* SOScreenViewController.h */ = {isa = PBXFileReference; fileEncoding = 4; lastKnownFileType = sourcecode.c.h; path = SOScreenViewController.h; sourceTree = "<group>"; };
		F0FE740819206C36008B7E45 /* SOScreenViewController.m */ = {isa = PBXFileReference; fileEncoding = 4; lastKnownFileType = sourcecode.c.objc; path = SOScreenViewController.m; sourceTree = "<group>"; };
/* End PBXFileReference section */

/* Begin PBXFrameworksBuildPhase section */
		F0AECCBF18B171DB00263C32 /* Frameworks */ = {
			isa = PBXFrameworksBuildPhase;
			buildActionMask = 2147483647;
			files = (
				F04417D518BD1BF400572780 /* AssetsLibrary.framework in Frameworks */,
				F04417BC18BC2FA400572780 /* AVFoundation.framework in Frameworks */,
				F0AECD0E18B1882B00263C32 /* CoreMotion.framework in Frameworks */,
				F0AECD0218B1785500263C32 /* MediaPlayer.framework in Frameworks */,
				F0AECCC818B171DB00263C32 /* CoreGraphics.framework in Frameworks */,
				F0AECCCA18B171DB00263C32 /* UIKit.framework in Frameworks */,
				F0AECCC618B171DB00263C32 /* Foundation.framework in Frameworks */,
			);
			runOnlyForDeploymentPostprocessing = 0;
		};
		F0AECCE318B171DC00263C32 /* Frameworks */ = {
			isa = PBXFrameworksBuildPhase;
			buildActionMask = 2147483647;
			files = (
				F0AECCE818B171DC00263C32 /* XCTest.framework in Frameworks */,
				F0AECCEA18B171DC00263C32 /* UIKit.framework in Frameworks */,
				F0AECCE918B171DC00263C32 /* Foundation.framework in Frameworks */,
			);
			runOnlyForDeploymentPostprocessing = 0;
		};
/* End PBXFrameworksBuildPhase section */

/* Begin PBXGroup section */
		F022FFDA193BF98F00829C20 /* testMovies */ = {
			isa = PBXGroup;
			children = (
				F022FFDB193BF98F00829C20 /* burstTest.mov */,
				F022FFDC193BF98F00829C20 /* checkTest.mov */,
				F022FFDD193BF98F00829C20 /* noiseTest.mov */,
				F022FFDE193BF98F00829C20 /* stripeTest.mov */,
				F022FFDF193BF98F00829C20 /* testsig.m4v */,
			);
			path = testMovies;
			sourceTree = "<group>";
		};
		F03392EB19382C3D004FDB33 /* json */ = {
			isa = PBXGroup;
			children = (
				F03392EC19382C4E004FDB33 /* data.json */,
				F0FE3DEA1944A00D0029DAEF /* dataT.json */,
			);
			path = json;
			sourceTree = "<group>";
		};
		F0AECCB918B171DB00263C32 = {
			isa = PBXGroup;
			children = (
				F0C2DEF11939FCBC00EAB7F9 /* JSONModel */,
				F0AECCCB18B171DB00263C32 /* SOMoviePlayer */,
				F0AECCED18B171DC00263C32 /* SOMoviePlayerTests */,
				F0AECCC418B171DB00263C32 /* Frameworks */,
				F0AECCC318B171DB00263C32 /* Products */,
			);
			sourceTree = "<group>";
		};
		F0AECCC318B171DB00263C32 /* Products */ = {
			isa = PBXGroup;
			children = (
				F0AECCC218B171DB00263C32 /* SOMoviePlayer.app */,
				F0AECCE618B171DC00263C32 /* SOMoviePlayerTests.xctest */,
			);
			name = Products;
			sourceTree = "<group>";
		};
		F0AECCC418B171DB00263C32 /* Frameworks */ = {
			isa = PBXGroup;
			children = (
				F04417D418BD1BF400572780 /* AssetsLibrary.framework */,
				F04417BB18BC2FA400572780 /* AVFoundation.framework */,
				F0AECD0D18B1882B00263C32 /* CoreMotion.framework */,
				F0AECD0118B1785500263C32 /* MediaPlayer.framework */,
				F0AECCC518B171DB00263C32 /* Foundation.framework */,
				F0AECCC718B171DB00263C32 /* CoreGraphics.framework */,
				F0AECCC918B171DB00263C32 /* UIKit.framework */,
				F0AECCE718B171DC00263C32 /* XCTest.framework */,
			);
			name = Frameworks;
			sourceTree = "<group>";
		};
		F0AECCCB18B171DB00263C32 /* SOMoviePlayer */ = {
			isa = PBXGroup;
			children = (
				F0AECCD418B171DB00263C32 /* SOAppDelegate.h */,
				F0AECCD518B171DB00263C32 /* SOAppDelegate.m */,
				F04417A118BA0C2400572780 /* SONotifications.h */,
				F04417A218BA0C2400572780 /* SONotifications.m */,
				F072F5E619315DBD009EC2F5 /* SOMotionManager.h */,
				F072F5E719315DBD009EC2F5 /* SOMotionManager.m */,
				F0C2DEED1939F51100EAB7F9 /* SOModelStore.h */,
				F0C2DEEE1939F51100EAB7F9 /* SOModelStore.m */,
				F0AECCDA18B171DB00263C32 /* SOMasterViewController.h */,
				F0AECCDB18B171DB00263C32 /* SOMasterViewController.m */,
				F0AECCDD18B171DB00263C32 /* SODetailViewController.h */,
				F0AECCDE18B171DC00263C32 /* SODetailViewController.m */,
				F0FE740719206C36008B7E45 /* SOScreenViewController.h */,
				F0FE740819206C36008B7E45 /* SOScreenViewController.m */,
				F0FE7403191E3037008B7E45 /* SOScreenView.h */,
				F0FE7404191E3037008B7E45 /* SOScreenView.m */,
				F068CE911938065A009B9297 /* SOScreenTransport.h */,
				F068CE921938065A009B9297 /* SOScreenTransport.m */,
				F043DE511922F79C00306847 /* SOScreenViewControllerProtocol.h */,
				F0FD8487193DE95400F5DD2F /* SOPropertiesViewController.h */,
				F0FD8488193DE95400F5DD2F /* SOPropertiesViewController.m */,
				F0FD848C193DFAEA00F5DD2F /* SOFloatPropViewController.h */,
				F0FD848D193DFAEA00F5DD2F /* SOFloatPropViewController.m */,
				F0FE3DEC1944A1C40029DAEF /* SOFloatTransformer.h */,
				F0FE3DED1944A1C40029DAEF /* SOFloatTransformer.m */,
				F0FD848E193DFAEA00F5DD2F /* SOFloatPropViewController.xib */,
				F0FD8489193DE95400F5DD2F /* SOPropertiesViewController.xib */,
				F0AECCD718B171DB00263C32 /* Main.storyboard */,
				F0AECCE018B171DC00263C32 /* Images.xcassets */,
				F0C2DF181939FCFF00EAB7F9 /* Models */,
				F0AECCCC18B171DB00263C32 /* Supporting Files */,
			);
			path = SOMoviePlayer;
			sourceTree = "<group>";
		};
		F0AECCCC18B171DB00263C32 /* Supporting Files */ = {
			isa = PBXGroup;
			children = (
				F022FFDA193BF98F00829C20 /* testMovies */,
				F0E5699319356A680098F7EB /* 16_4_2014_convert */,
				F03392EB19382C3D004FDB33 /* json */,
				F04417D618BD2D7900572780 /* default.png */,
				F04417D718BD2D7900572780 /* default@2x.png */,
				F0AECCCD18B171DB00263C32 /* SOMoviePlayer-Info.plist */,
				F0AECCCE18B171DB00263C32 /* InfoPlist.strings */,
				F0AECCD118B171DB00263C32 /* main.m */,
				F0AECCD318B171DB00263C32 /* SOMoviePlayer-Prefix.pch */,
			);
			name = "Supporting Files";
			sourceTree = "<group>";
		};
		F0AECCED18B171DC00263C32 /* SOMoviePlayerTests */ = {
			isa = PBXGroup;
			children = (
				F0AECCF318B171DC00263C32 /* SOMoviePlayerTests.m */,
				F0AECCEE18B171DC00263C32 /* Supporting Files */,
			);
			path = SOMoviePlayerTests;
			sourceTree = "<group>";
		};
		F0AECCEE18B171DC00263C32 /* Supporting Files */ = {
			isa = PBXGroup;
			children = (
				F0AECCEF18B171DC00263C32 /* SOMoviePlayerTests-Info.plist */,
				F0AECCF018B171DC00263C32 /* InfoPlist.strings */,
			);
			name = "Supporting Files";
			sourceTree = "<group>";
		};
		F0C2DEF11939FCBC00EAB7F9 /* JSONModel */ = {
			isa = PBXGroup;
			children = (
				F0C2DEF21939FCBC00EAB7F9 /* JSONModel */,
				F0C2DEFD1939FCBC00EAB7F9 /* JSONModelCategories */,
				F0C2DF001939FCBC00EAB7F9 /* JSONModelLib.h */,
				F0C2DF011939FCBC00EAB7F9 /* JSONModelNetworking */,
				F0C2DF081939FCBC00EAB7F9 /* JSONModelTransformations */,
			);
			path = JSONModel;
			sourceTree = "<group>";
		};
		F0C2DEF21939FCBC00EAB7F9 /* JSONModel */ = {
			isa = PBXGroup;
			children = (
				F0C2DEF31939FCBC00EAB7F9 /* JSONModel+CoreData.h */,
				F0C2DEF41939FCBC00EAB7F9 /* JSONModel+CoreData.m */,
				F0C2DEF51939FCBC00EAB7F9 /* JSONModel.h */,
				F0C2DEF61939FCBC00EAB7F9 /* JSONModel.m */,
				F0C2DEF71939FCBC00EAB7F9 /* JSONModelArray.h */,
				F0C2DEF81939FCBC00EAB7F9 /* JSONModelArray.m */,
				F0C2DEF91939FCBC00EAB7F9 /* JSONModelClassProperty.h */,
				F0C2DEFA1939FCBC00EAB7F9 /* JSONModelClassProperty.m */,
				F0C2DEFB1939FCBC00EAB7F9 /* JSONModelError.h */,
				F0C2DEFC1939FCBC00EAB7F9 /* JSONModelError.m */,
			);
			path = JSONModel;
			sourceTree = "<group>";
		};
		F0C2DEFD1939FCBC00EAB7F9 /* JSONModelCategories */ = {
			isa = PBXGroup;
			children = (
				F0C2DEFE1939FCBC00EAB7F9 /* NSArray+JSONModel.h */,
				F0C2DEFF1939FCBC00EAB7F9 /* NSArray+JSONModel.m */,
			);
			path = JSONModelCategories;
			sourceTree = "<group>";
		};
		F0C2DF011939FCBC00EAB7F9 /* JSONModelNetworking */ = {
			isa = PBXGroup;
			children = (
				F0C2DF021939FCBC00EAB7F9 /* JSONAPI.h */,
				F0C2DF031939FCBC00EAB7F9 /* JSONAPI.m */,
				F0C2DF041939FCBC00EAB7F9 /* JSONHTTPClient.h */,
				F0C2DF051939FCBC00EAB7F9 /* JSONHTTPClient.m */,
				F0C2DF061939FCBC00EAB7F9 /* JSONModel+networking.h */,
				F0C2DF071939FCBC00EAB7F9 /* JSONModel+networking.m */,
			);
			path = JSONModelNetworking;
			sourceTree = "<group>";
		};
		F0C2DF081939FCBC00EAB7F9 /* JSONModelTransformations */ = {
			isa = PBXGroup;
			children = (
				F0C2DF091939FCBC00EAB7F9 /* JSONKeyMapper.h */,
				F0C2DF0A1939FCBC00EAB7F9 /* JSONKeyMapper.m */,
				F0C2DF0B1939FCBC00EAB7F9 /* JSONValueTransformer.h */,
				F0C2DF0C1939FCBC00EAB7F9 /* JSONValueTransformer.m */,
			);
			path = JSONModelTransformations;
			sourceTree = "<group>";
		};
		F0C2DF181939FCFF00EAB7F9 /* Models */ = {
			isa = PBXGroup;
			children = (
				F0C2DF191939FD1B00EAB7F9 /* SOCueModel.h */,
				F0C2DF1A1939FD1B00EAB7F9 /* SOCueModel.m */,
				F0C2DF1C193A005B00EAB7F9 /* SOSessionModel.h */,
				F0C2DF1D193A005B00EAB7F9 /* SOSessionModel.m */,
			);
			path = Models;
			sourceTree = "<group>";
		};
		F0E5699319356A680098F7EB /* 16_4_2014_convert */ = {
			isa = PBXGroup;
			children = (
				F0E5699419356A680098F7EB /* FBN CLIP 01_converted.m4v */,
				F0E5699519356A680098F7EB /* FBN CLIP 03_converted.m4v */,
				F0E5699619356A680098F7EB /* FBN CLIP 05_converted.m4v */,
				F0E5699719356A680098F7EB /* FBN CLIP 06_converted.m4v */,
				F0E5699819356A680098F7EB /* FBN CLIP 07_converted.m4v */,
				F0E5699919356A680098F7EB /* FBN CLIP 08_converted.m4v */,
				F0E5699A19356A680098F7EB /* FBN CLIP 09_converted.m4v */,
				F0E5699B19356A680098F7EB /* FBN CLIP 10_converted.m4v */,
				F0E5699C19356A680098F7EB /* FBN CLIP 11_converted.m4v */,
				F0E5699D19356A680098F7EB /* FBN CLIP 12_converted.m4v */,
				F0E5699E19356A680098F7EB /* FBN CLIP 13_converted.m4v */,
				F0E5699F19356A680098F7EB /* FBN CLIP 14_converted.m4v */,
				F0E569A019356A680098F7EB /* FBN CLIP 15_converted.m4v */,
				F0E569A119356A680098F7EB /* FBN CLIP 17_converted.m4v */,
				F0E569A219356A680098F7EB /* FBN CLIP 18_converted.m4v */,
				F0E569A319356A680098F7EB /* FBN CLIP 19_converted.m4v */,
				F0E569A419356A680098F7EB /* FBN CLIP 20_converted.m4v */,
				F0E569A519356A680098F7EB /* FBN CLIP 21_converted.m4v */,
				F0E569A619356A680098F7EB /* FBN CLIP 22_converted.m4v */,
				F0E569A719356A680098F7EB /* FBN CLIP 23_converted.m4v */,
				F0E569A819356A680098F7EB /* FBN CLIP 24_converted.m4v */,
				F0E569A919356A680098F7EB /* FBN CLIP 25_converted.m4v */,
				F0E569AA19356A680098F7EB /* FBN CLIP 26_converted.m4v */,
				F0E569AB19356A680098F7EB /* FBN CLIP 27_converted.m4v */,
				F0E569AC19356A680098F7EB /* FBN CLIP 28_converted.m4v */,
				F0E569AD19356A680098F7EB /* FBN CLIP 29_converted.m4v */,
				F0E569AE19356A680098F7EB /* FBN CLIP 30_converted.m4v */,
				F0E569AF19356A680098F7EB /* FBN CLIP 31_converted.m4v */,
				F0E569B019356A680098F7EB /* FBN CLIP 32_converted.m4v */,
				F0E569B119356A680098F7EB /* FBN CLIP 33_converted.m4v */,
				F0E569B219356A680098F7EB /* FBN CLIP 34_converted.m4v */,
				F0E569B319356A680098F7EB /* FBN CLIP 35_converted.m4v */,
				F0E569B419356A680098F7EB /* FBN CLIP 36_converted.m4v */,
				F0E569B519356A680098F7EB /* FBN CLIP 37_converted.m4v */,
				F0E569B619356A680098F7EB /* FBN CLIP 38_converted.m4v */,
				F0E569B719356A680098F7EB /* FBN CLIP 39_converted.m4v */,
				F0E569B819356A680098F7EB /* FBN CLIP 40_converted.m4v */,
				F0E569B919356A680098F7EB /* FBN CLIP 41_converted.m4v */,
				F0E569BA19356A680098F7EB /* FBN CLIP 42_converted.m4v */,
				F0E569BB19356A680098F7EB /* FBN CLIP 43_converted.m4v */,
				F0E569BC19356A680098F7EB /* FBN CLIP 44_converted.m4v */,
				F0E569BD19356A680098F7EB /* FBN CLIP 45_converted.m4v */,
				F0E569BE19356A680098F7EB /* FBN CLIP 46_converted.m4v */,
				F0E569BF19356A680098F7EB /* FBN CLIP 47_converted.m4v */,
				F0E569C019356A680098F7EB /* FBN CLIP 48_converted.m4v */,
				F0E569C119356A680098F7EB /* FBN CLIP 49_converted.m4v */,
				F0E569C219356A680098F7EB /* FBN CLIP 50_converted.m4v */,
				F0E569C319356A680098F7EB /* FBN CLIP 51_converted.m4v */,
				F0E569C419356A680098F7EB /* FBN CLIP 52_converted.m4v */,
				F0E569C519356A680098F7EB /* FBN CLIP 53_converted.m4v */,
				F0E569C619356A680098F7EB /* FBN CLIP 54_converted.m4v */,
				F0E569C719356A680098F7EB /* FBN CLIP 55_converted.m4v */,
				F0E569C819356A680098F7EB /* FBN CLIP 56_converted.m4v */,
				F0E569C919356A680098F7EB /* FBN CLIP 57_converted.m4v */,
				F0E569CA19356A680098F7EB /* FBN CLIP 58_converted.m4v */,
				F0E569CB19356A680098F7EB /* FBN CLIP 59_converted.m4v */,
				F0E569CC19356A680098F7EB /* FBN CLIP 60_converted.m4v */,
				F0E569CD19356A680098F7EB /* FBN CLIP 61_converted.m4v */,
				F0E569CE19356A680098F7EB /* FBN CLIP 62_converted.m4v */,
				F0E569CF19356A680098F7EB /* FBN CLIP 63_converted.m4v */,
				F0E569D019356A680098F7EB /* FBN CLIP 64_converted.m4v */,
				F0E569D119356A680098F7EB /* FBN CLIP 65_converted.m4v */,
				F0E569D219356A680098F7EB /* FBN CLIP 66_converted.m4v */,
				F0E569D319356A680098F7EB /* FBN CLIP 67_converted.m4v */,
				F0E569D419356A680098F7EB /* FBN CLIP 68_converted.m4v */,
				F0E569D519356A680098F7EB /* FBN CLIP 69_converted.m4v */,
				F0E569D619356A680098F7EB /* FBN CLIP 70_converted.m4v */,
				F0E569D719356A680098F7EB /* FBN CLIP 71_converted.m4v */,
				F0E569D819356A680098F7EB /* FBN CLIP 72_converted.m4v */,
				F0E569D919356A680098F7EB /* FBN CLIP 73_converted.m4v */,
				F0E569DA19356A680098F7EB /* FBN CLIP 74_converted.m4v */,
			);
			path = 16_4_2014_convert;
			sourceTree = "<group>";
		};
/* End PBXGroup section */

/* Begin PBXNativeTarget section */
		F0AECCC118B171DB00263C32 /* SOMoviePlayer */ = {
			isa = PBXNativeTarget;
			buildConfigurationList = F0AECCF718B171DC00263C32 /* Build configuration list for PBXNativeTarget "SOMoviePlayer" */;
			buildPhases = (
				F0AECCBE18B171DB00263C32 /* Sources */,
				F0AECCBF18B171DB00263C32 /* Frameworks */,
				F0AECCC018B171DB00263C32 /* Resources */,
			);
			buildRules = (
			);
			dependencies = (
			);
			name = SOMoviePlayer;
			productName = SOMoviePlayer;
			productReference = F0AECCC218B171DB00263C32 /* SOMoviePlayer.app */;
			productType = "com.apple.product-type.application";
		};
		F0AECCE518B171DC00263C32 /* SOMoviePlayerTests */ = {
			isa = PBXNativeTarget;
			buildConfigurationList = F0AECCFA18B171DC00263C32 /* Build configuration list for PBXNativeTarget "SOMoviePlayerTests" */;
			buildPhases = (
				F0AECCE218B171DC00263C32 /* Sources */,
				F0AECCE318B171DC00263C32 /* Frameworks */,
				F0AECCE418B171DC00263C32 /* Resources */,
			);
			buildRules = (
			);
			dependencies = (
				F0AECCEC18B171DC00263C32 /* PBXTargetDependency */,
			);
			name = SOMoviePlayerTests;
			productName = SOMoviePlayerTests;
			productReference = F0AECCE618B171DC00263C32 /* SOMoviePlayerTests.xctest */;
			productType = "com.apple.product-type.bundle.unit-test";
		};
/* End PBXNativeTarget section */

/* Begin PBXProject section */
		F0AECCBA18B171DB00263C32 /* Project object */ = {
			isa = PBXProject;
			attributes = {
				CLASSPREFIX = SO;
				LastUpgradeCheck = 0510;
				ORGANIZATIONNAME = "Stephen OHara";
				TargetAttributes = {
					F0AECCE518B171DC00263C32 = {
						TestTargetID = F0AECCC118B171DB00263C32;
					};
				};
			};
			buildConfigurationList = F0AECCBD18B171DB00263C32 /* Build configuration list for PBXProject "SOMoviePlayer" */;
			compatibilityVersion = "Xcode 3.2";
			developmentRegion = English;
			hasScannedForEncodings = 0;
			knownRegions = (
				en,
				Base,
			);
			mainGroup = F0AECCB918B171DB00263C32;
			productRefGroup = F0AECCC318B171DB00263C32 /* Products */;
			projectDirPath = "";
			projectRoot = "";
			targets = (
				F0AECCC118B171DB00263C32 /* SOMoviePlayer */,
				F0AECCE518B171DC00263C32 /* SOMoviePlayerTests */,
			);
		};
/* End PBXProject section */

/* Begin PBXResourcesBuildPhase section */
		F0AECCC018B171DB00263C32 /* Resources */ = {
			isa = PBXResourcesBuildPhase;
			buildActionMask = 2147483647;
			files = (
				F0E569DC19356A680098F7EB /* FBN CLIP 03_converted.m4v in Resources */,
				F0E569DE19356A680098F7EB /* FBN CLIP 06_converted.m4v in Resources */,
				F0E56A0819356A680098F7EB /* FBN CLIP 49_converted.m4v in Resources */,
				F0E569E119356A680098F7EB /* FBN CLIP 09_converted.m4v in Resources */,
				F0E56A0F19356A680098F7EB /* FBN CLIP 56_converted.m4v in Resources */,
				F0E569F519356A680098F7EB /* FBN CLIP 30_converted.m4v in Resources */,
				F0E56A1F19356A680098F7EB /* FBN CLIP 72_converted.m4v in Resources */,
				F0E56A1919356A680098F7EB /* FBN CLIP 66_converted.m4v in Resources */,
				F0E569E219356A680098F7EB /* FBN CLIP 10_converted.m4v in Resources */,
				F0E569DB19356A680098F7EB /* FBN CLIP 01_converted.m4v in Resources */,
				F0E569F719356A680098F7EB /* FBN CLIP 32_converted.m4v in Resources */,
				F0E56A1B19356A680098F7EB /* FBN CLIP 68_converted.m4v in Resources */,
				F0E56A2119356A680098F7EB /* FBN CLIP 74_converted.m4v in Resources */,
				F0E569DF19356A680098F7EB /* FBN CLIP 07_converted.m4v in Resources */,
				F0E569ED19356A680098F7EB /* FBN CLIP 22_converted.m4v in Resources */,
				F0E56A0519356A680098F7EB /* FBN CLIP 46_converted.m4v in Resources */,
				F0E56A0719356A680098F7EB /* FBN CLIP 48_converted.m4v in Resources */,
				F0E569EF19356A680098F7EB /* FBN CLIP 24_converted.m4v in Resources */,
				F0E569F319356A680098F7EB /* FBN CLIP 28_converted.m4v in Resources */,
				F0E56A2019356A680098F7EB /* FBN CLIP 73_converted.m4v in Resources */,
				F0E569E019356A680098F7EB /* FBN CLIP 08_converted.m4v in Resources */,
				F022FFE0193BF98F00829C20 /* burstTest.mov in Resources */,
				F0E56A0319356A680098F7EB /* FBN CLIP 44_converted.m4v in Resources */,
				F0E569F919356A680098F7EB /* FBN CLIP 34_converted.m4v in Resources */,
				F0E569EC19356A680098F7EB /* FBN CLIP 21_converted.m4v in Resources */,
				F0E569EB19356A680098F7EB /* FBN CLIP 20_converted.m4v in Resources */,
				F0E56A1719356A680098F7EB /* FBN CLIP 64_converted.m4v in Resources */,
				F022FFE2193BF98F00829C20 /* noiseTest.mov in Resources */,
				F0E56A0219356A680098F7EB /* FBN CLIP 43_converted.m4v in Resources */,
				F0E569F819356A680098F7EB /* FBN CLIP 33_converted.m4v in Resources */,
				F0E56A1819356A680098F7EB /* FBN CLIP 65_converted.m4v in Resources */,
				F0E56A0B19356A680098F7EB /* FBN CLIP 52_converted.m4v in Resources */,
				F0FD848B193DE95400F5DD2F /* SOPropertiesViewController.xib in Resources */,
				F0E569E419356A680098F7EB /* FBN CLIP 12_converted.m4v in Resources */,
				F0E56A0019356A680098F7EB /* FBN CLIP 41_converted.m4v in Resources */,
				F04417D918BD2D7900572780 /* default@2x.png in Resources */,
				F022FFE4193BF98F00829C20 /* testsig.m4v in Resources */,
				F0E569FA19356A680098F7EB /* FBN CLIP 35_converted.m4v in Resources */,
				F0E569F119356A680098F7EB /* FBN CLIP 26_converted.m4v in Resources */,
				F0E56A0119356A680098F7EB /* FBN CLIP 42_converted.m4v in Resources */,
				F0E56A0919356A680098F7EB /* FBN CLIP 50_converted.m4v in Resources */,
				F0E56A1119356A680098F7EB /* FBN CLIP 58_converted.m4v in Resources */,
				F0E56A1519356A680098F7EB /* FBN CLIP 62_converted.m4v in Resources */,
				F0E56A0A19356A680098F7EB /* FBN CLIP 51_converted.m4v in Resources */,
				F0E569F419356A680098F7EB /* FBN CLIP 29_converted.m4v in Resources */,
				F0E56A1E19356A680098F7EB /* FBN CLIP 71_converted.m4v in Resources */,
				F0FD8490193DFAEA00F5DD2F /* SOFloatPropViewController.xib in Resources */,
				F0E56A1019356A680098F7EB /* FBN CLIP 57_converted.m4v in Resources */,
				F0E569FD19356A680098F7EB /* FBN CLIP 38_converted.m4v in Resources */,
				F022FFE1193BF98F00829C20 /* checkTest.mov in Resources */,
				F0AECCE118B171DC00263C32 /* Images.xcassets in Resources */,
				F0E569FC19356A680098F7EB /* FBN CLIP 37_converted.m4v in Resources */,
				F0E569EA19356A680098F7EB /* FBN CLIP 19_converted.m4v in Resources */,
				F0E569E519356A680098F7EB /* FBN CLIP 13_converted.m4v in Resources */,
				F0E56A0C19356A680098F7EB /* FBN CLIP 53_converted.m4v in Resources */,
				F0E56A1219356A680098F7EB /* FBN CLIP 59_converted.m4v in Resources */,
				F0E56A0D19356A680098F7EB /* FBN CLIP 54_converted.m4v in Resources */,
				F0E569F219356A680098F7EB /* FBN CLIP 27_converted.m4v in Resources */,
				F0E56A1419356A680098F7EB /* FBN CLIP 61_converted.m4v in Resources */,
				F0AECCD018B171DB00263C32 /* InfoPlist.strings in Resources */,
				F03392ED19382C4E004FDB33 /* data.json in Resources */,
				F0E56A1319356A680098F7EB /* FBN CLIP 60_converted.m4v in Resources */,
				F0E56A1C19356A680098F7EB /* FBN CLIP 69_converted.m4v in Resources */,
				F0E56A1619356A680098F7EB /* FBN CLIP 63_converted.m4v in Resources */,
				F0E569E819356A680098F7EB /* FBN CLIP 17_converted.m4v in Resources */,
				F0E569EE19356A680098F7EB /* FBN CLIP 23_converted.m4v in Resources */,
				F0E569FF19356A680098F7EB /* FBN CLIP 40_converted.m4v in Resources */,
				F022FFE3193BF98F00829C20 /* stripeTest.mov in Resources */,
				F0E569F019356A680098F7EB /* FBN CLIP 25_converted.m4v in Resources */,
				F0E56A0619356A680098F7EB /* FBN CLIP 47_converted.m4v in Resources */,
				F0E569E919356A680098F7EB /* FBN CLIP 18_converted.m4v in Resources */,
				F0E569FB19356A680098F7EB /* FBN CLIP 36_converted.m4v in Resources */,
				F0E569E719356A680098F7EB /* FBN CLIP 15_converted.m4v in Resources */,
				F0FE3DEB1944A00D0029DAEF /* dataT.json in Resources */,
				F0E56A0E19356A680098F7EB /* FBN CLIP 55_converted.m4v in Resources */,
				F0E569E319356A680098F7EB /* FBN CLIP 11_converted.m4v in Resources */,
				F0E569F619356A680098F7EB /* FBN CLIP 31_converted.m4v in Resources */,
				F0E569FE19356A680098F7EB /* FBN CLIP 39_converted.m4v in Resources */,
				F0E569E619356A680098F7EB /* FBN CLIP 14_converted.m4v in Resources */,
				F0E56A1D19356A680098F7EB /* FBN CLIP 70_converted.m4v in Resources */,
				F0AECCD918B171DB00263C32 /* Main.storyboard in Resources */,
				F0E569DD19356A680098F7EB /* FBN CLIP 05_converted.m4v in Resources */,
				F0E56A0419356A680098F7EB /* FBN CLIP 45_converted.m4v in Resources */,
				F0E56A1A19356A680098F7EB /* FBN CLIP 67_converted.m4v in Resources */,
				F04417D818BD2D7900572780 /* default.png in Resources */,
			);
			runOnlyForDeploymentPostprocessing = 0;
		};
		F0AECCE418B171DC00263C32 /* Resources */ = {
			isa = PBXResourcesBuildPhase;
			buildActionMask = 2147483647;
			files = (
				F0AECCF218B171DC00263C32 /* InfoPlist.strings in Resources */,
			);
			runOnlyForDeploymentPostprocessing = 0;
		};
/* End PBXResourcesBuildPhase section */

/* Begin PBXSourcesBuildPhase section */
		F0AECCBE18B171DB00263C32 /* Sources */ = {
			isa = PBXSourcesBuildPhase;
			buildActionMask = 2147483647;
			files = (
				F0C2DF121939FCBC00EAB7F9 /* NSArray+JSONModel.m in Sources */,
				F0C2DF111939FCBC00EAB7F9 /* JSONModelError.m in Sources */,
				F0C2DF1E193A005B00EAB7F9 /* SOSessionModel.m in Sources */,
				F0C2DF131939FCBC00EAB7F9 /* JSONAPI.m in Sources */,
				F0FE3DEE1944A1C40029DAEF /* SOFloatTransformer.m in Sources */,
				F0AECCDC18B171DB00263C32 /* SOMasterViewController.m in Sources */,
				F072F5E819315DBD009EC2F5 /* SOMotionManager.m in Sources */,
				F0C2DF101939FCBC00EAB7F9 /* JSONModelClassProperty.m in Sources */,
				F0FE7405191E3037008B7E45 /* SOScreenView.m in Sources */,
				F0C2DF151939FCBC00EAB7F9 /* JSONModel+networking.m in Sources */,
				F0FD848A193DE95400F5DD2F /* SOPropertiesViewController.m in Sources */,
				F0FD848F193DFAEA00F5DD2F /* SOFloatPropViewController.m in Sources */,
				F0AECCD618B171DB00263C32 /* SOAppDelegate.m in Sources */,
				F04417A318BA0C2400572780 /* SONotifications.m in Sources */,
				F0FE740919206C36008B7E45 /* SOScreenViewController.m in Sources */,
				F0AECCD218B171DB00263C32 /* main.m in Sources */,
				F0C2DF141939FCBC00EAB7F9 /* JSONHTTPClient.m in Sources */,
				F0C2DF1B1939FD1B00EAB7F9 /* SOCueModel.m in Sources */,
				F068CE941938065A009B9297 /* SOScreenTransport.m in Sources */,
				F0C2DF0D1939FCBC00EAB7F9 /* JSONModel+CoreData.m in Sources */,
				F0C2DF0E1939FCBC00EAB7F9 /* JSONModel.m in Sources */,
				F0C2DEEF1939F51100EAB7F9 /* SOModelStore.m in Sources */,
				F0C2DF171939FCBC00EAB7F9 /* JSONValueTransformer.m in Sources */,
				F0AECCDF18B171DC00263C32 /* SODetailViewController.m in Sources */,
				F0C2DF161939FCBC00EAB7F9 /* JSONKeyMapper.m in Sources */,
				F0C2DF0F1939FCBC00EAB7F9 /* JSONModelArray.m in Sources */,
			);
			runOnlyForDeploymentPostprocessing = 0;
		};
		F0AECCE218B171DC00263C32 /* Sources */ = {
			isa = PBXSourcesBuildPhase;
			buildActionMask = 2147483647;
			files = (
				F0AECCF418B171DC00263C32 /* SOMoviePlayerTests.m in Sources */,
			);
			runOnlyForDeploymentPostprocessing = 0;
		};
/* End PBXSourcesBuildPhase section */

/* Begin PBXTargetDependency section */
		F0AECCEC18B171DC00263C32 /* PBXTargetDependency */ = {
			isa = PBXTargetDependency;
			target = F0AECCC118B171DB00263C32 /* SOMoviePlayer */;
			targetProxy = F0AECCEB18B171DC00263C32 /* PBXContainerItemProxy */;
		};
/* End PBXTargetDependency section */

/* Begin PBXVariantGroup section */
		F0AECCCE18B171DB00263C32 /* InfoPlist.strings */ = {
			isa = PBXVariantGroup;
			children = (
				F0AECCCF18B171DB00263C32 /* en */,
			);
			name = InfoPlist.strings;
			sourceTree = "<group>";
		};
		F0AECCD718B171DB00263C32 /* Main.storyboard */ = {
			isa = PBXVariantGroup;
			children = (
				F0AECCD818B171DB00263C32 /* Base */,
			);
			name = Main.storyboard;
			sourceTree = "<group>";
		};
		F0AECCF018B171DC00263C32 /* InfoPlist.strings */ = {
			isa = PBXVariantGroup;
			children = (
				F0AECCF118B171DC00263C32 /* en */,
			);
			name = InfoPlist.strings;
			sourceTree = "<group>";
		};
/* End PBXVariantGroup section */

/* Begin XCBuildConfiguration section */
		F0AECCF518B171DC00263C32 /* Debug */ = {
			isa = XCBuildConfiguration;
			buildSettings = {
				ALWAYS_SEARCH_USER_PATHS = NO;
				CLANG_CXX_LANGUAGE_STANDARD = "gnu++0x";
				CLANG_CXX_LIBRARY = "libc++";
				CLANG_ENABLE_MODULES = YES;
				CLANG_ENABLE_OBJC_ARC = YES;
				CLANG_WARN_BOOL_CONVERSION = YES;
				CLANG_WARN_CONSTANT_CONVERSION = YES;
				CLANG_WARN_DIRECT_OBJC_ISA_USAGE = YES_ERROR;
				CLANG_WARN_EMPTY_BODY = YES;
				CLANG_WARN_ENUM_CONVERSION = YES;
				CLANG_WARN_INT_CONVERSION = YES;
				CLANG_WARN_OBJC_ROOT_CLASS = YES_ERROR;
				CLANG_WARN__DUPLICATE_METHOD_MATCH = YES;
				"CODE_SIGN_IDENTITY[sdk=iphoneos*]" = "iPhone Developer";
				COPY_PHASE_STRIP = NO;
				GCC_C_LANGUAGE_STANDARD = gnu99;
				GCC_DYNAMIC_NO_PIC = NO;
				GCC_OPTIMIZATION_LEVEL = 0;
				GCC_PREPROCESSOR_DEFINITIONS = (
					"DEBUG=1",
					"$(inherited)",
				);
				GCC_SYMBOLS_PRIVATE_EXTERN = NO;
				GCC_WARN_64_TO_32_BIT_CONVERSION = YES;
				GCC_WARN_ABOUT_RETURN_TYPE = YES_ERROR;
				GCC_WARN_UNDECLARED_SELECTOR = YES;
				GCC_WARN_UNINITIALIZED_AUTOS = YES;
				GCC_WARN_UNUSED_FUNCTION = YES;
				GCC_WARN_UNUSED_VARIABLE = YES;
				IPHONEOS_DEPLOYMENT_TARGET = 7.0;
				ONLY_ACTIVE_ARCH = YES;
				SDKROOT = iphoneos;
			};
			name = Debug;
		};
		F0AECCF618B171DC00263C32 /* Release */ = {
			isa = XCBuildConfiguration;
			buildSettings = {
				ALWAYS_SEARCH_USER_PATHS = NO;
				CLANG_CXX_LANGUAGE_STANDARD = "gnu++0x";
				CLANG_CXX_LIBRARY = "libc++";
				CLANG_ENABLE_MODULES = YES;
				CLANG_ENABLE_OBJC_ARC = YES;
				CLANG_WARN_BOOL_CONVERSION = YES;
				CLANG_WARN_CONSTANT_CONVERSION = YES;
				CLANG_WARN_DIRECT_OBJC_ISA_USAGE = YES_ERROR;
				CLANG_WARN_EMPTY_BODY = YES;
				CLANG_WARN_ENUM_CONVERSION = YES;
				CLANG_WARN_INT_CONVERSION = YES;
				CLANG_WARN_OBJC_ROOT_CLASS = YES_ERROR;
				CLANG_WARN__DUPLICATE_METHOD_MATCH = YES;
				"CODE_SIGN_IDENTITY[sdk=iphoneos*]" = "iPhone Developer";
				COPY_PHASE_STRIP = YES;
				ENABLE_NS_ASSERTIONS = NO;
				GCC_C_LANGUAGE_STANDARD = gnu99;
				GCC_WARN_64_TO_32_BIT_CONVERSION = YES;
				GCC_WARN_ABOUT_RETURN_TYPE = YES_ERROR;
				GCC_WARN_UNDECLARED_SELECTOR = YES;
				GCC_WARN_UNINITIALIZED_AUTOS = YES;
				GCC_WARN_UNUSED_FUNCTION = YES;
				GCC_WARN_UNUSED_VARIABLE = YES;
				IPHONEOS_DEPLOYMENT_TARGET = 7.0;
				SDKROOT = iphoneos;
				VALIDATE_PRODUCT = YES;
			};
			name = Release;
		};
		F0AECCF818B171DC00263C32 /* Debug */ = {
			isa = XCBuildConfiguration;
			buildSettings = {
				ASSETCATALOG_COMPILER_APPICON_NAME = AppIcon;
				ASSETCATALOG_COMPILER_LAUNCHIMAGE_NAME = LaunchImage;
				CODE_SIGN_IDENTITY = "iPhone Developer";
				GCC_PRECOMPILE_PREFIX_HEADER = YES;
				GCC_PREFIX_HEADER = "SOMoviePlayer/SOMoviePlayer-Prefix.pch";
				INFOPLIST_FILE = "SOMoviePlayer/SOMoviePlayer-Info.plist";
				IPHONEOS_DEPLOYMENT_TARGET = 6.1;
				PRODUCT_NAME = "$(TARGET_NAME)";
				SDKROOT = iphoneos;
				WRAPPER_EXTENSION = app;
			};
			name = Debug;
		};
		F0AECCF918B171DC00263C32 /* Release */ = {
			isa = XCBuildConfiguration;
			buildSettings = {
				ASSETCATALOG_COMPILER_APPICON_NAME = AppIcon;
				ASSETCATALOG_COMPILER_LAUNCHIMAGE_NAME = LaunchImage;
				CODE_SIGN_IDENTITY = "iPhone Developer";
				GCC_PRECOMPILE_PREFIX_HEADER = YES;
				GCC_PREFIX_HEADER = "SOMoviePlayer/SOMoviePlayer-Prefix.pch";
				INFOPLIST_FILE = "SOMoviePlayer/SOMoviePlayer-Info.plist";
				IPHONEOS_DEPLOYMENT_TARGET = 6.1;
				PRODUCT_NAME = "$(TARGET_NAME)";
				SDKROOT = iphoneos;
				WRAPPER_EXTENSION = app;
			};
			name = Release;
		};
		F0AECCFB18B171DC00263C32 /* Debug */ = {
			isa = XCBuildConfiguration;
			buildSettings = {
				BUNDLE_LOADER = "$(BUILT_PRODUCTS_DIR)/SOMoviePlayer.app/SOMoviePlayer";
				FRAMEWORK_SEARCH_PATHS = (
					"$(SDKROOT)/Developer/Library/Frameworks",
					"$(inherited)",
					"$(DEVELOPER_FRAMEWORKS_DIR)",
				);
				GCC_PRECOMPILE_PREFIX_HEADER = YES;
				GCC_PREFIX_HEADER = "SOMoviePlayer/SOMoviePlayer-Prefix.pch";
				GCC_PREPROCESSOR_DEFINITIONS = (
					"DEBUG=1",
					"$(inherited)",
				);
				INFOPLIST_FILE = "SOMoviePlayerTests/SOMoviePlayerTests-Info.plist";
				PRODUCT_NAME = "$(TARGET_NAME)";
				TEST_HOST = "$(BUNDLE_LOADER)";
				WRAPPER_EXTENSION = xctest;
			};
			name = Debug;
		};
		F0AECCFC18B171DC00263C32 /* Release */ = {
			isa = XCBuildConfiguration;
			buildSettings = {
				BUNDLE_LOADER = "$(BUILT_PRODUCTS_DIR)/SOMoviePlayer.app/SOMoviePlayer";
				FRAMEWORK_SEARCH_PATHS = (
					"$(SDKROOT)/Developer/Library/Frameworks",
					"$(inherited)",
					"$(DEVELOPER_FRAMEWORKS_DIR)",
				);
				GCC_PRECOMPILE_PREFIX_HEADER = YES;
				GCC_PREFIX_HEADER = "SOMoviePlayer/SOMoviePlayer-Prefix.pch";
				INFOPLIST_FILE = "SOMoviePlayerTests/SOMoviePlayerTests-Info.plist";
				PRODUCT_NAME = "$(TARGET_NAME)";
				TEST_HOST = "$(BUNDLE_LOADER)";
				WRAPPER_EXTENSION = xctest;
			};
			name = Release;
		};
/* End XCBuildConfiguration section */

/* Begin XCConfigurationList section */
		F0AECCBD18B171DB00263C32 /* Build configuration list for PBXProject "SOMoviePlayer" */ = {
			isa = XCConfigurationList;
			buildConfigurations = (
				F0AECCF518B171DC00263C32 /* Debug */,
				F0AECCF618B171DC00263C32 /* Release */,
			);
			defaultConfigurationIsVisible = 0;
			defaultConfigurationName = Release;
		};
		F0AECCF718B171DC00263C32 /* Build configuration list for PBXNativeTarget "SOMoviePlayer" */ = {
			isa = XCConfigurationList;
			buildConfigurations = (
				F0AECCF818B171DC00263C32 /* Debug */,
				F0AECCF918B171DC00263C32 /* Release */,
			);
			defaultConfigurationIsVisible = 0;
			defaultConfigurationName = Release;
		};
		F0AECCFA18B171DC00263C32 /* Build configuration list for PBXNativeTarget "SOMoviePlayerTests" */ = {
			isa = XCConfigurationList;
			buildConfigurations = (
				F0AECCFB18B171DC00263C32 /* Debug */,
				F0AECCFC18B171DC00263C32 /* Release */,
			);
			defaultConfigurationIsVisible = 0;
			defaultConfigurationName = Release;
		};
/* End XCConfigurationList section */
	};
	rootObject = F0AECCBA18B171DB00263C32 /* Project object */;
}
